// !$*UTF8*$!
{
	archiveVersion = 1;
	classes = {
	};
	objectVersion = 46;
	objects = {

/* Begin PBXBuildFile section */
		018A2CBFA6D186DFFC4FC7BA /* Pods_CartoonOnlie.framework in Frameworks */ = {isa = PBXBuildFile; fileRef = 610BD9FA5D9AC272DF6C0C1A /* Pods_CartoonOnlie.framework */; };
		3F1A97D01D52EE4300235153 /* QuadraticModel.m in Sources */ = {isa = PBXBuildFile; fileRef = 3F1A97CF1D52EE4300235153 /* QuadraticModel.m */; settings = {ASSET_TAGS = (); }; };
		3F1A97D31D52EE7000235153 /* QuadraticController.m in Sources */ = {isa = PBXBuildFile; fileRef = 3F1A97D21D52EE7000235153 /* QuadraticController.m */; settings = {ASSET_TAGS = (); }; };
		3F1A97D71D52EE9100235153 /* QuadraticTableViewCell.m in Sources */ = {isa = PBXBuildFile; fileRef = 3F1A97D51D52EE9100235153 /* QuadraticTableViewCell.m */; settings = {ASSET_TAGS = (); }; };
		3F1A97D81D52EE9100235153 /* QuadraticTableViewCell.xib in Resources */ = {isa = PBXBuildFile; fileRef = 3F1A97D61D52EE9100235153 /* QuadraticTableViewCell.xib */; settings = {ASSET_TAGS = (); }; };
		3FC531B01D4C5320000EB7E5 /* FunListCell.m in Sources */ = {isa = PBXBuildFile; fileRef = 3FC531AD1D4C5320000EB7E5 /* FunListCell.m */; settings = {ASSET_TAGS = (); }; };
		3FC531B11D4C5320000EB7E5 /* FunListCell.xib in Resources */ = {isa = PBXBuildFile; fileRef = 3FC531AE1D4C5320000EB7E5 /* FunListCell.xib */; settings = {ASSET_TAGS = (); }; };
		3FC531B41D4C5328000EB7E5 /* FunListModel.m in Sources */ = {isa = PBXBuildFile; fileRef = 3FC531B21D4C5328000EB7E5 /* FunListModel.m */; settings = {ASSET_TAGS = (); }; };
		4706ED331D4C824600098239 /* TerrofyingCell.m in Sources */ = {isa = PBXBuildFile; fileRef = 4706ED311D4C824600098239 /* TerrofyingCell.m */; settings = {ASSET_TAGS = (); }; };
		471A1F9E1D4EE40900F3C9C6 /* DetailCell.m in Sources */ = {isa = PBXBuildFile; fileRef = 471A1F9C1D4EE40900F3C9C6 /* DetailCell.m */; settings = {ASSET_TAGS = (); }; };
		471A1F9F1D4EE40900F3C9C6 /* DetailCell.xib in Resources */ = {isa = PBXBuildFile; fileRef = 471A1F9D1D4EE40900F3C9C6 /* DetailCell.xib */; settings = {ASSET_TAGS = (); }; };
		471A1FA91D4F4C3E00F3C9C6 /* RadioModel.m in Sources */ = {isa = PBXBuildFile; fileRef = 471A1FA81D4F4C3E00F3C9C6 /* RadioModel.m */; settings = {ASSET_TAGS = (); }; };
		471A1FAD1D4F54BC00F3C9C6 /* RadioCell.m in Sources */ = {isa = PBXBuildFile; fileRef = 471A1FAB1D4F54BC00F3C9C6 /* RadioCell.m */; settings = {ASSET_TAGS = (); }; };
		471A1FAE1D4F54BC00F3C9C6 /* RadioCell.xib in Resources */ = {isa = PBXBuildFile; fileRef = 471A1FAC1D4F54BC00F3C9C6 /* RadioCell.xib */; settings = {ASSET_TAGS = (); }; };
		472298E81D51B1B60085BC66 /* RadioController.m in Sources */ = {isa = PBXBuildFile; fileRef = 472EC74B1D4C39A80081DDC5 /* RadioController.m */; };
		472298F11D51B7830085BC66 /* RadioDetaiModel.m in Sources */ = {isa = PBXBuildFile; fileRef = 472298F01D51B7830085BC66 /* RadioDetaiModel.m */; settings = {ASSET_TAGS = (); }; };
		472298F51D51BA8E0085BC66 /* RadioDetailCell.m in Sources */ = {isa = PBXBuildFile; fileRef = 472298F31D51BA8E0085BC66 /* RadioDetailCell.m */; settings = {ASSET_TAGS = (); }; };
		472298F61D51BA8E0085BC66 /* RadioDetailCell.xib in Resources */ = {isa = PBXBuildFile; fileRef = 472298F41D51BA8E0085BC66 /* RadioDetailCell.xib */; settings = {ASSET_TAGS = (); }; };
		472298FA1D51DF610085BC66 /* DetailController.m in Sources */ = {isa = PBXBuildFile; fileRef = 472298F81D51DF610085BC66 /* DetailController.m */; settings = {ASSET_TAGS = (); }; };
		472298FB1D51DF610085BC66 /* DetailController.xib in Resources */ = {isa = PBXBuildFile; fileRef = 472298F91D51DF610085BC66 /* DetailController.xib */; settings = {ASSET_TAGS = (); }; };
		472299481D51F4E70085BC66 /* RadioDetailController.m in Sources */ = {isa = PBXBuildFile; fileRef = 472299461D51F4E70085BC66 /* RadioDetailController.m */; settings = {ASSET_TAGS = (); }; };
		472299491D51F4E70085BC66 /* RadioDetailController.xib in Resources */ = {isa = PBXBuildFile; fileRef = 472299471D51F4E70085BC66 /* RadioDetailController.xib */; settings = {ASSET_TAGS = (); }; };
		472299571D5220190085BC66 /* RadioPlayController.m in Sources */ = {isa = PBXBuildFile; fileRef = 472299541D5220190085BC66 /* RadioPlayController.m */; settings = {ASSET_TAGS = (); }; };
		472299581D5220190085BC66 /* RadioPlayController.xib in Resources */ = {isa = PBXBuildFile; fileRef = 472299551D5220190085BC66 /* RadioPlayController.xib */; settings = {ASSET_TAGS = (); }; };
		4722995B1D52204C0085BC66 /* AVManager.m in Sources */ = {isa = PBXBuildFile; fileRef = 472299591D52204C0085BC66 /* AVManager.m */; settings = {ASSET_TAGS = (); }; };
		472EC6D21D4C33890081DDC5 /* main.m in Sources */ = {isa = PBXBuildFile; fileRef = 472EC6D11D4C33890081DDC5 /* main.m */; };
		472EC6D51D4C33890081DDC5 /* AppDelegate.m in Sources */ = {isa = PBXBuildFile; fileRef = 472EC6D41D4C33890081DDC5 /* AppDelegate.m */; };
		472EC6DD1D4C33890081DDC5 /* Assets.xcassets in Resources */ = {isa = PBXBuildFile; fileRef = 472EC6DC1D4C33890081DDC5 /* Assets.xcassets */; };
		472EC6E01D4C33890081DDC5 /* LaunchScreen.storyboard in Resources */ = {isa = PBXBuildFile; fileRef = 472EC6DE1D4C33890081DDC5 /* LaunchScreen.storyboard */; };
		472EC6EB1D4C33890081DDC5 /* CartoonOnlieTests.m in Sources */ = {isa = PBXBuildFile; fileRef = 472EC6EA1D4C33890081DDC5 /* CartoonOnlieTests.m */; };
		472EC6F61D4C33890081DDC5 /* CartoonOnlieUITests.m in Sources */ = {isa = PBXBuildFile; fileRef = 472EC6F51D4C33890081DDC5 /* CartoonOnlieUITests.m */; };
		472EC70B1D4C35560081DDC5 /* HMMessageViewController.m in Sources */ = {isa = PBXBuildFile; fileRef = 472EC7061D4C35560081DDC5 /* HMMessageViewController.m */; settings = {ASSET_TAGS = (); }; };
		472EC70C1D4C35560081DDC5 /* HMDrawerViewController.m in Sources */ = {isa = PBXBuildFile; fileRef = 472EC7081D4C35560081DDC5 /* HMDrawerViewController.m */; settings = {ASSET_TAGS = (); }; };
		472EC70D1D4C35560081DDC5 /* HMLeftMenuTableViewController.m in Sources */ = {isa = PBXBuildFile; fileRef = 472EC70A1D4C35560081DDC5 /* HMLeftMenuTableViewController.m */; settings = {ASSET_TAGS = (); }; };
		472EC7461D4C39870081DDC5 /* FunnyController.m in Sources */ = {isa = PBXBuildFile; fileRef = 472EC7451D4C39870081DDC5 /* FunnyController.m */; settings = {ASSET_TAGS = (); }; };
		472EC7491D4C39980081DDC5 /* QuadraticController.m in Sources */ = {isa = PBXBuildFile; fileRef = 472EC7481D4C39980081DDC5 /* QuadraticController.m */; settings = {ASSET_TAGS = (); }; };
		472EC74F1D4C39BD0081DDC5 /* TerrofyingController.m in Sources */ = {isa = PBXBuildFile; fileRef = 472EC74E1D4C39BD0081DDC5 /* TerrofyingController.m */; settings = {ASSET_TAGS = (); }; };
		479AED6E1D4CA807008CA4F0 /* TerrofyingModel.m in Sources */ = {isa = PBXBuildFile; fileRef = 479AED6D1D4CA807008CA4F0 /* TerrofyingModel.m */; settings = {ASSET_TAGS = (); }; };
		479AED751D4CCC59008CA4F0 /* TerrofyingCell.xib in Resources */ = {isa = PBXBuildFile; fileRef = 479AED741D4CCC59008CA4F0 /* TerrofyingCell.xib */; settings = {ASSET_TAGS = (); }; };
		47EA2C101D4C589C007EC6E7 /* DownLoad.m in Sources */ = {isa = PBXBuildFile; fileRef = 47EA2C0D1D4C589C007EC6E7 /* DownLoad.m */; settings = {ASSET_TAGS = (); }; };
/* End PBXBuildFile section */

/* Begin PBXContainerItemProxy section */
		472EC6E71D4C33890081DDC5 /* PBXContainerItemProxy */ = {
			isa = PBXContainerItemProxy;
			containerPortal = 472EC6C51D4C33890081DDC5 /* Project object */;
			proxyType = 1;
			remoteGlobalIDString = 472EC6CC1D4C33890081DDC5;
			remoteInfo = CartoonOnlie;
		};
		472EC6F21D4C33890081DDC5 /* PBXContainerItemProxy */ = {
			isa = PBXContainerItemProxy;
			containerPortal = 472EC6C51D4C33890081DDC5 /* Project object */;
			proxyType = 1;
			remoteGlobalIDString = 472EC6CC1D4C33890081DDC5;
			remoteInfo = CartoonOnlie;
		};
/* End PBXContainerItemProxy section */

/* Begin PBXFileReference section */
		3F1A97CE1D52EE4300235153 /* QuadraticModel.h */ = {isa = PBXFileReference; fileEncoding = 4; lastKnownFileType = sourcecode.c.h; path = QuadraticModel.h; sourceTree = "<group>"; };
		3F1A97CF1D52EE4300235153 /* QuadraticModel.m */ = {isa = PBXFileReference; fileEncoding = 4; lastKnownFileType = sourcecode.c.objc; path = QuadraticModel.m; sourceTree = "<group>"; };
		3F1A97D11D52EE7000235153 /* QuadraticController.h */ = {isa = PBXFileReference; fileEncoding = 4; lastKnownFileType = sourcecode.c.h; path = QuadraticController.h; sourceTree = "<group>"; };
		3F1A97D21D52EE7000235153 /* QuadraticController.m */ = {isa = PBXFileReference; fileEncoding = 4; lastKnownFileType = sourcecode.c.objc; path = QuadraticController.m; sourceTree = "<group>"; };
		3F1A97D41D52EE9100235153 /* QuadraticTableViewCell.h */ = {isa = PBXFileReference; fileEncoding = 4; lastKnownFileType = sourcecode.c.h; path = QuadraticTableViewCell.h; sourceTree = "<group>"; };
		3F1A97D51D52EE9100235153 /* QuadraticTableViewCell.m */ = {isa = PBXFileReference; fileEncoding = 4; lastKnownFileType = sourcecode.c.objc; path = QuadraticTableViewCell.m; sourceTree = "<group>"; };
		3F1A97D61D52EE9100235153 /* QuadraticTableViewCell.xib */ = {isa = PBXFileReference; fileEncoding = 4; lastKnownFileType = file.xib; path = QuadraticTableViewCell.xib; sourceTree = "<group>"; };
		3FC531AD1D4C5320000EB7E5 /* FunListCell.m */ = {isa = PBXFileReference; fileEncoding = 4; lastKnownFileType = sourcecode.c.objc; path = FunListCell.m; sourceTree = "<group>"; };
		3FC531AE1D4C5320000EB7E5 /* FunListCell.xib */ = {isa = PBXFileReference; fileEncoding = 4; lastKnownFileType = file.xib; path = FunListCell.xib; sourceTree = "<group>"; };
		3FC531AF1D4C5320000EB7E5 /* FunListCell.h */ = {isa = PBXFileReference; fileEncoding = 4; lastKnownFileType = sourcecode.c.h; path = FunListCell.h; sourceTree = "<group>"; };
		3FC531B21D4C5328000EB7E5 /* FunListModel.m */ = {isa = PBXFileReference; fileEncoding = 4; lastKnownFileType = sourcecode.c.objc; path = FunListModel.m; sourceTree = "<group>"; };
		3FC531B31D4C5328000EB7E5 /* FunListModel.h */ = {isa = PBXFileReference; fileEncoding = 4; lastKnownFileType = sourcecode.c.h; path = FunListModel.h; sourceTree = "<group>"; };
		4706ED301D4C824600098239 /* TerrofyingCell.h */ = {isa = PBXFileReference; fileEncoding = 4; lastKnownFileType = sourcecode.c.h; path = TerrofyingCell.h; sourceTree = "<group>"; };
		4706ED311D4C824600098239 /* TerrofyingCell.m */ = {isa = PBXFileReference; fileEncoding = 4; lastKnownFileType = sourcecode.c.objc; path = TerrofyingCell.m; sourceTree = "<group>"; };
		471A1F9B1D4EE40900F3C9C6 /* DetailCell.h */ = {isa = PBXFileReference; fileEncoding = 4; lastKnownFileType = sourcecode.c.h; path = DetailCell.h; sourceTree = "<group>"; };
		471A1F9C1D4EE40900F3C9C6 /* DetailCell.m */ = {isa = PBXFileReference; fileEncoding = 4; lastKnownFileType = sourcecode.c.objc; path = DetailCell.m; sourceTree = "<group>"; };
		471A1F9D1D4EE40900F3C9C6 /* DetailCell.xib */ = {isa = PBXFileReference; fileEncoding = 4; lastKnownFileType = file.xib; path = DetailCell.xib; sourceTree = "<group>"; };
		471A1FA71D4F4C3E00F3C9C6 /* RadioModel.h */ = {isa = PBXFileReference; fileEncoding = 4; lastKnownFileType = sourcecode.c.h; path = RadioModel.h; sourceTree = "<group>"; };
		471A1FA81D4F4C3E00F3C9C6 /* RadioModel.m */ = {isa = PBXFileReference; fileEncoding = 4; lastKnownFileType = sourcecode.c.objc; path = RadioModel.m; sourceTree = "<group>"; };
		471A1FAA1D4F54BC00F3C9C6 /* RadioCell.h */ = {isa = PBXFileReference; fileEncoding = 4; lastKnownFileType = sourcecode.c.h; path = RadioCell.h; sourceTree = "<group>"; };
		471A1FAB1D4F54BC00F3C9C6 /* RadioCell.m */ = {isa = PBXFileReference; fileEncoding = 4; lastKnownFileType = sourcecode.c.objc; path = RadioCell.m; sourceTree = "<group>"; };
		471A1FAC1D4F54BC00F3C9C6 /* RadioCell.xib */ = {isa = PBXFileReference; fileEncoding = 4; lastKnownFileType = file.xib; path = RadioCell.xib; sourceTree = "<group>"; };
		472298EF1D51B7830085BC66 /* RadioDetaiModel.h */ = {isa = PBXFileReference; fileEncoding = 4; lastKnownFileType = sourcecode.c.h; path = RadioDetaiModel.h; sourceTree = "<group>"; };
		472298F01D51B7830085BC66 /* RadioDetaiModel.m */ = {isa = PBXFileReference; fileEncoding = 4; lastKnownFileType = sourcecode.c.objc; path = RadioDetaiModel.m; sourceTree = "<group>"; };
		472298F21D51BA8E0085BC66 /* RadioDetailCell.h */ = {isa = PBXFileReference; fileEncoding = 4; lastKnownFileType = sourcecode.c.h; path = RadioDetailCell.h; sourceTree = "<group>"; };
		472298F31D51BA8E0085BC66 /* RadioDetailCell.m */ = {isa = PBXFileReference; fileEncoding = 4; lastKnownFileType = sourcecode.c.objc; path = RadioDetailCell.m; sourceTree = "<group>"; };
		472298F41D51BA8E0085BC66 /* RadioDetailCell.xib */ = {isa = PBXFileReference; fileEncoding = 4; lastKnownFileType = file.xib; path = RadioDetailCell.xib; sourceTree = "<group>"; };
		472298F71D51DF610085BC66 /* DetailController.h */ = {isa = PBXFileReference; fileEncoding = 4; lastKnownFileType = sourcecode.c.h; path = DetailController.h; sourceTree = "<group>"; };
		472298F81D51DF610085BC66 /* DetailController.m */ = {isa = PBXFileReference; fileEncoding = 4; lastKnownFileType = sourcecode.c.objc; path = DetailController.m; sourceTree = "<group>"; };
		472298F91D51DF610085BC66 /* DetailController.xib */ = {isa = PBXFileReference; fileEncoding = 4; lastKnownFileType = file.xib; path = DetailController.xib; sourceTree = "<group>"; };
		472299451D51F4E70085BC66 /* RadioDetailController.h */ = {isa = PBXFileReference; fileEncoding = 4; lastKnownFileType = sourcecode.c.h; path = RadioDetailController.h; sourceTree = "<group>"; };
		472299461D51F4E70085BC66 /* RadioDetailController.m */ = {isa = PBXFileReference; fileEncoding = 4; lastKnownFileType = sourcecode.c.objc; path = RadioDetailController.m; sourceTree = "<group>"; };
		472299471D51F4E70085BC66 /* RadioDetailController.xib */ = {isa = PBXFileReference; fileEncoding = 4; lastKnownFileType = file.xib; path = RadioDetailController.xib; sourceTree = "<group>"; };
		472299541D5220190085BC66 /* RadioPlayController.m */ = {isa = PBXFileReference; fileEncoding = 4; lastKnownFileType = sourcecode.c.objc; path = RadioPlayController.m; sourceTree = "<group>"; };
		472299551D5220190085BC66 /* RadioPlayController.xib */ = {isa = PBXFileReference; fileEncoding = 4; lastKnownFileType = file.xib; path = RadioPlayController.xib; sourceTree = "<group>"; };
		472299561D5220190085BC66 /* RadioPlayController.h */ = {isa = PBXFileReference; fileEncoding = 4; lastKnownFileType = sourcecode.c.h; path = RadioPlayController.h; sourceTree = "<group>"; };
		472299591D52204C0085BC66 /* AVManager.m */ = {isa = PBXFileReference; fileEncoding = 4; lastKnownFileType = sourcecode.c.objc; path = AVManager.m; sourceTree = "<group>"; };
		4722995A1D52204C0085BC66 /* AVManager.h */ = {isa = PBXFileReference; fileEncoding = 4; lastKnownFileType = sourcecode.c.h; path = AVManager.h; sourceTree = "<group>"; };
		472EC6CD1D4C33890081DDC5 /* CartoonOnlie.app */ = {isa = PBXFileReference; explicitFileType = wrapper.application; includeInIndex = 0; path = CartoonOnlie.app; sourceTree = BUILT_PRODUCTS_DIR; };
		472EC6D11D4C33890081DDC5 /* main.m */ = {isa = PBXFileReference; lastKnownFileType = sourcecode.c.objc; path = main.m; sourceTree = "<group>"; };
		472EC6D31D4C33890081DDC5 /* AppDelegate.h */ = {isa = PBXFileReference; lastKnownFileType = sourcecode.c.h; path = AppDelegate.h; sourceTree = "<group>"; };
		472EC6D41D4C33890081DDC5 /* AppDelegate.m */ = {isa = PBXFileReference; lastKnownFileType = sourcecode.c.objc; path = AppDelegate.m; sourceTree = "<group>"; };
		472EC6DC1D4C33890081DDC5 /* Assets.xcassets */ = {isa = PBXFileReference; lastKnownFileType = folder.assetcatalog; path = Assets.xcassets; sourceTree = "<group>"; };
		472EC6DF1D4C33890081DDC5 /* Base */ = {isa = PBXFileReference; lastKnownFileType = file.storyboard; name = Base; path = Base.lproj/LaunchScreen.storyboard; sourceTree = "<group>"; };
		472EC6E11D4C33890081DDC5 /* Info.plist */ = {isa = PBXFileReference; lastKnownFileType = text.plist.xml; path = Info.plist; sourceTree = "<group>"; };
		472EC6E61D4C33890081DDC5 /* CartoonOnlieTests.xctest */ = {isa = PBXFileReference; explicitFileType = wrapper.cfbundle; includeInIndex = 0; path = CartoonOnlieTests.xctest; sourceTree = BUILT_PRODUCTS_DIR; };
		472EC6EA1D4C33890081DDC5 /* CartoonOnlieTests.m */ = {isa = PBXFileReference; lastKnownFileType = sourcecode.c.objc; path = CartoonOnlieTests.m; sourceTree = "<group>"; };
		472EC6EC1D4C33890081DDC5 /* Info.plist */ = {isa = PBXFileReference; lastKnownFileType = text.plist.xml; path = Info.plist; sourceTree = "<group>"; };
		472EC6F11D4C33890081DDC5 /* CartoonOnlieUITests.xctest */ = {isa = PBXFileReference; explicitFileType = wrapper.cfbundle; includeInIndex = 0; path = CartoonOnlieUITests.xctest; sourceTree = BUILT_PRODUCTS_DIR; };
		472EC6F51D4C33890081DDC5 /* CartoonOnlieUITests.m */ = {isa = PBXFileReference; lastKnownFileType = sourcecode.c.objc; path = CartoonOnlieUITests.m; sourceTree = "<group>"; };
		472EC6F71D4C33890081DDC5 /* Info.plist */ = {isa = PBXFileReference; lastKnownFileType = text.plist.xml; path = Info.plist; sourceTree = "<group>"; };
		472EC7051D4C35560081DDC5 /* HMMessageViewController.h */ = {isa = PBXFileReference; fileEncoding = 4; lastKnownFileType = sourcecode.c.h; path = HMMessageViewController.h; sourceTree = "<group>"; };
		472EC7061D4C35560081DDC5 /* HMMessageViewController.m */ = {isa = PBXFileReference; fileEncoding = 4; lastKnownFileType = sourcecode.c.objc; path = HMMessageViewController.m; sourceTree = "<group>"; };
		472EC7071D4C35560081DDC5 /* HMDrawerViewController.h */ = {isa = PBXFileReference; fileEncoding = 4; lastKnownFileType = sourcecode.c.h; path = HMDrawerViewController.h; sourceTree = "<group>"; };
		472EC7081D4C35560081DDC5 /* HMDrawerViewController.m */ = {isa = PBXFileReference; fileEncoding = 4; lastKnownFileType = sourcecode.c.objc; path = HMDrawerViewController.m; sourceTree = "<group>"; };
		472EC7091D4C35560081DDC5 /* HMLeftMenuTableViewController.h */ = {isa = PBXFileReference; fileEncoding = 4; lastKnownFileType = sourcecode.c.h; path = HMLeftMenuTableViewController.h; sourceTree = "<group>"; };
		472EC70A1D4C35560081DDC5 /* HMLeftMenuTableViewController.m */ = {isa = PBXFileReference; fileEncoding = 4; lastKnownFileType = sourcecode.c.objc; path = HMLeftMenuTableViewController.m; sourceTree = "<group>"; };
		472EC7441D4C39870081DDC5 /* FunnyController.h */ = {isa = PBXFileReference; fileEncoding = 4; lastKnownFileType = sourcecode.c.h; path = FunnyController.h; sourceTree = "<group>"; };
		472EC7451D4C39870081DDC5 /* FunnyController.m */ = {isa = PBXFileReference; fileEncoding = 4; lastKnownFileType = sourcecode.c.objc; path = FunnyController.m; sourceTree = "<group>"; };
		472EC74A1D4C39A80081DDC5 /* RadioController.h */ = {isa = PBXFileReference; fileEncoding = 4; lastKnownFileType = sourcecode.c.h; path = RadioController.h; sourceTree = "<group>"; };
		472EC74B1D4C39A80081DDC5 /* RadioController.m */ = {isa = PBXFileReference; fileEncoding = 4; lastKnownFileType = sourcecode.c.objc; path = RadioController.m; sourceTree = "<group>"; };
		472EC74D1D4C39BD0081DDC5 /* TerrofyingController.h */ = {isa = PBXFileReference; fileEncoding = 4; lastKnownFileType = sourcecode.c.h; path = TerrofyingController.h; sourceTree = "<group>"; };
		472EC74E1D4C39BD0081DDC5 /* TerrofyingController.m */ = {isa = PBXFileReference; fileEncoding = 4; lastKnownFileType = sourcecode.c.objc; path = TerrofyingController.m; sourceTree = "<group>"; };
		479AED6C1D4CA807008CA4F0 /* TerrofyingModel.h */ = {isa = PBXFileReference; fileEncoding = 4; lastKnownFileType = sourcecode.c.h; path = TerrofyingModel.h; sourceTree = "<group>"; };
		479AED6D1D4CA807008CA4F0 /* TerrofyingModel.m */ = {isa = PBXFileReference; fileEncoding = 4; lastKnownFileType = sourcecode.c.objc; path = TerrofyingModel.m; sourceTree = "<group>"; };
		479AED741D4CCC59008CA4F0 /* TerrofyingCell.xib */ = {isa = PBXFileReference; fileEncoding = 4; lastKnownFileType = file.xib; path = TerrofyingCell.xib; sourceTree = "<group>"; };
		47EA2C0C1D4C589C007EC6E7 /* DownLoad.h */ = {isa = PBXFileReference; fileEncoding = 4; lastKnownFileType = sourcecode.c.h; path = DownLoad.h; sourceTree = "<group>"; };
		47EA2C0D1D4C589C007EC6E7 /* DownLoad.m */ = {isa = PBXFileReference; fileEncoding = 4; lastKnownFileType = sourcecode.c.objc; path = DownLoad.m; sourceTree = "<group>"; };
		47EA2C0E1D4C589C007EC6E7 /* Global.h */ = {isa = PBXFileReference; fileEncoding = 4; lastKnownFileType = sourcecode.c.h; path = Global.h; sourceTree = "<group>"; };
		47EA2C0F1D4C589C007EC6E7 /* PrefixHeader.pch */ = {isa = PBXFileReference; fileEncoding = 4; lastKnownFileType = sourcecode.c.h; path = PrefixHeader.pch; sourceTree = "<group>"; };
		610BD9FA5D9AC272DF6C0C1A /* Pods_CartoonOnlie.framework */ = {isa = PBXFileReference; explicitFileType = wrapper.framework; includeInIndex = 0; path = Pods_CartoonOnlie.framework; sourceTree = BUILT_PRODUCTS_DIR; };
		AA82DCF6822C97A619D057A9 /* Pods-CartoonOnlie.release.xcconfig */ = {isa = PBXFileReference; includeInIndex = 1; lastKnownFileType = text.xcconfig; name = "Pods-CartoonOnlie.release.xcconfig"; path = "Pods/Target Support Files/Pods-CartoonOnlie/Pods-CartoonOnlie.release.xcconfig"; sourceTree = "<group>"; };
		E8450B81A0D8416EC6F59D2F /* Pods-CartoonOnlie.debug.xcconfig */ = {isa = PBXFileReference; includeInIndex = 1; lastKnownFileType = text.xcconfig; name = "Pods-CartoonOnlie.debug.xcconfig"; path = "Pods/Target Support Files/Pods-CartoonOnlie/Pods-CartoonOnlie.debug.xcconfig"; sourceTree = "<group>"; };
/* End PBXFileReference section */

/* Begin PBXFrameworksBuildPhase section */
		472EC6CA1D4C33890081DDC5 /* Frameworks */ = {
			isa = PBXFrameworksBuildPhase;
			buildActionMask = 2147483647;
			files = (
				018A2CBFA6D186DFFC4FC7BA /* Pods_CartoonOnlie.framework in Frameworks */,
			);
			runOnlyForDeploymentPostprocessing = 0;
		};
		472EC6E31D4C33890081DDC5 /* Frameworks */ = {
			isa = PBXFrameworksBuildPhase;
			buildActionMask = 2147483647;
			files = (
			);
			runOnlyForDeploymentPostprocessing = 0;
		};
		472EC6EE1D4C33890081DDC5 /* Frameworks */ = {
			isa = PBXFrameworksBuildPhase;
			buildActionMask = 2147483647;
			files = (
			);
			runOnlyForDeploymentPostprocessing = 0;
		};
/* End PBXFrameworksBuildPhase section */

/* Begin PBXGroup section */
		157B38C6C03007A08C0336B9 /* Frameworks */ = {
			isa = PBXGroup;
			children = (
				610BD9FA5D9AC272DF6C0C1A /* Pods_CartoonOnlie.framework */,
			);
			name = Frameworks;
			sourceTree = "<group>";
		};
		3FC531AB1D4C5313000EB7E5 /* Models */ = {
			isa = PBXGroup;
			children = (
				3FC531B21D4C5328000EB7E5 /* FunListModel.m */,
				3FC531B31D4C5328000EB7E5 /* FunListModel.h */,
			);
			path = Models;
			sourceTree = "<group>";
		};
		3FC531AC1D4C5313000EB7E5 /* Views */ = {
			isa = PBXGroup;
			children = (
				3FC531AD1D4C5320000EB7E5 /* FunListCell.m */,
				3FC531AE1D4C5320000EB7E5 /* FunListCell.xib */,
				3FC531AF1D4C5320000EB7E5 /* FunListCell.h */,
			);
			path = Views;
			sourceTree = "<group>";
		};
		471A1FA61D4F4C3E00F3C9C6 /* Model */ = {
			isa = PBXGroup;
			children = (
				471A1FA71D4F4C3E00F3C9C6 /* RadioModel.h */,
				471A1FA81D4F4C3E00F3C9C6 /* RadioModel.m */,
				472298EF1D51B7830085BC66 /* RadioDetaiModel.h */,
				472298F01D51B7830085BC66 /* RadioDetaiModel.m */,
			);
			path = Model;
			sourceTree = "<group>";
		};
		472EC6C41D4C33890081DDC5 = {
			isa = PBXGroup;
			children = (
				472EC6CF1D4C33890081DDC5 /* CartoonOnlie */,
				472EC6E91D4C33890081DDC5 /* CartoonOnlieTests */,
				472EC6F41D4C33890081DDC5 /* CartoonOnlieUITests */,
				472EC6CE1D4C33890081DDC5 /* Products */,
				4C50335BE5485C50D555B1AB /* Pods */,
				157B38C6C03007A08C0336B9 /* Frameworks */,
			);
			sourceTree = "<group>";
		};
		472EC6CE1D4C33890081DDC5 /* Products */ = {
			isa = PBXGroup;
			children = (
				472EC6CD1D4C33890081DDC5 /* CartoonOnlie.app */,
				472EC6E61D4C33890081DDC5 /* CartoonOnlieTests.xctest */,
				472EC6F11D4C33890081DDC5 /* CartoonOnlieUITests.xctest */,
			);
			name = Products;
			sourceTree = "<group>";
		};
		472EC6CF1D4C33890081DDC5 /* CartoonOnlie */ = {
			isa = PBXGroup;
			children = (
				472EC7031D4C34D40081DDC5 /* Code */,
				472EC6D31D4C33890081DDC5 /* AppDelegate.h */,
				472EC6D41D4C33890081DDC5 /* AppDelegate.m */,
				472EC6DC1D4C33890081DDC5 /* Assets.xcassets */,
				472EC6DE1D4C33890081DDC5 /* LaunchScreen.storyboard */,
				472EC6E11D4C33890081DDC5 /* Info.plist */,
				472EC6D01D4C33890081DDC5 /* Supporting Files */,
			);
			path = CartoonOnlie;
			sourceTree = "<group>";
		};
		472EC6D01D4C33890081DDC5 /* Supporting Files */ = {
			isa = PBXGroup;
			children = (
				472EC6D11D4C33890081DDC5 /* main.m */,
			);
			name = "Supporting Files";
			sourceTree = "<group>";
		};
		472EC6E91D4C33890081DDC5 /* CartoonOnlieTests */ = {
			isa = PBXGroup;
			children = (
				472EC6EA1D4C33890081DDC5 /* CartoonOnlieTests.m */,
				472EC6EC1D4C33890081DDC5 /* Info.plist */,
			);
			path = CartoonOnlieTests;
			sourceTree = "<group>";
		};
		472EC6F41D4C33890081DDC5 /* CartoonOnlieUITests */ = {
			isa = PBXGroup;
			children = (
				472EC6F51D4C33890081DDC5 /* CartoonOnlieUITests.m */,
				472EC6F71D4C33890081DDC5 /* Info.plist */,
			);
			path = CartoonOnlieUITests;
			sourceTree = "<group>";
		};
		472EC7031D4C34D40081DDC5 /* Code */ = {
			isa = PBXGroup;
			children = (
				47EA2BFC1D4C480B007EC6E7 /* Tools */,
				472EC7341D4C39290081DDC5 /* CartoonFunny */,
				472EC7381D4C39290081DDC5 /* CartoonQuadratic */,
				472EC73C1D4C39290081DDC5 /* CartoonRadio */,
				472EC7401D4C39290081DDC5 /* CartoonTerrofying */,
				472EC7041D4C35310081DDC5 /* CartoonMainVc */,
			);
			path = Code;
			sourceTree = "<group>";
		};
		472EC7041D4C35310081DDC5 /* CartoonMainVc */ = {
			isa = PBXGroup;
			children = (
				472EC7051D4C35560081DDC5 /* HMMessageViewController.h */,
				472EC7061D4C35560081DDC5 /* HMMessageViewController.m */,
				472EC7071D4C35560081DDC5 /* HMDrawerViewController.h */,
				472EC7081D4C35560081DDC5 /* HMDrawerViewController.m */,
				472EC7091D4C35560081DDC5 /* HMLeftMenuTableViewController.h */,
				472EC70A1D4C35560081DDC5 /* HMLeftMenuTableViewController.m */,
			);
			path = CartoonMainVc;
			sourceTree = "<group>";
		};
		472EC7341D4C39290081DDC5 /* CartoonFunny */ = {
			isa = PBXGroup;
			children = (
				3FC531AB1D4C5313000EB7E5 /* Models */,
				472EC7351D4C39290081DDC5 /* Controller */,
				3FC531AC1D4C5313000EB7E5 /* Views */,
			);
			path = CartoonFunny;
			sourceTree = "<group>";
		};
		472EC7351D4C39290081DDC5 /* Controller */ = {
			isa = PBXGroup;
			children = (
				472EC7441D4C39870081DDC5 /* FunnyController.h */,
				472EC7451D4C39870081DDC5 /* FunnyController.m */,
			);
			path = Controller;
			sourceTree = "<group>";
		};
		472EC7381D4C39290081DDC5 /* CartoonQuadratic */ = {
			isa = PBXGroup;
			children = (
				47EA2C031D4C4FF3007EC6E7 /* Model */,
				47EA2C041D4C4FF3007EC6E7 /* View */,
				472EC7391D4C39290081DDC5 /* Controller */,
			);
			path = CartoonQuadratic;
			sourceTree = "<group>";
		};
		472EC7391D4C39290081DDC5 /* Controller */ = {
			isa = PBXGroup;
			children = (
				3F1A97D11D52EE7000235153 /* QuadraticController.h */,
				3F1A97D21D52EE7000235153 /* QuadraticController.m */,
			);
			path = Controller;
			sourceTree = "<group>";
		};
		472EC73C1D4C39290081DDC5 /* CartoonRadio */ = {
			isa = PBXGroup;
			children = (
				471A1FA61D4F4C3E00F3C9C6 /* Model */,
				47EA2C061D4C4FFA007EC6E7 /* View */,
				472EC73D1D4C39290081DDC5 /* Controller */,
			);
			path = CartoonRadio;
			sourceTree = "<group>";
		};
		472EC73D1D4C39290081DDC5 /* Controller */ = {
			isa = PBXGroup;
			children = (
				472299561D5220190085BC66 /* RadioPlayController.h */,
				472299541D5220190085BC66 /* RadioPlayController.m */,
				472299551D5220190085BC66 /* RadioPlayController.xib */,
				472EC74A1D4C39A80081DDC5 /* RadioController.h */,
				472EC74B1D4C39A80081DDC5 /* RadioController.m */,
				472299451D51F4E70085BC66 /* RadioDetailController.h */,
				472299461D51F4E70085BC66 /* RadioDetailController.m */,
				472299471D51F4E70085BC66 /* RadioDetailController.xib */,
			);
			path = Controller;
			sourceTree = "<group>";
		};
		472EC7401D4C39290081DDC5 /* CartoonTerrofying */ = {
			isa = PBXGroup;
			children = (
				47EA2C071D4C5003007EC6E7 /* Model */,
				47EA2C081D4C5003007EC6E7 /* View */,
				472EC7411D4C39290081DDC5 /* Controller */,
			);
			path = CartoonTerrofying;
			sourceTree = "<group>";
		};
		472EC7411D4C39290081DDC5 /* Controller */ = {
			isa = PBXGroup;
			children = (
				472EC74D1D4C39BD0081DDC5 /* TerrofyingController.h */,
				472EC74E1D4C39BD0081DDC5 /* TerrofyingController.m */,
				472298F71D51DF610085BC66 /* DetailController.h */,
				472298F81D51DF610085BC66 /* DetailController.m */,
				472298F91D51DF610085BC66 /* DetailController.xib */,
			);
			path = Controller;
			sourceTree = "<group>";
		};
		47EA2BFC1D4C480B007EC6E7 /* Tools */ = {
			isa = PBXGroup;
			children = (
				472299591D52204C0085BC66 /* AVManager.m */,
				4722995A1D52204C0085BC66 /* AVManager.h */,
				47EA2C0C1D4C589C007EC6E7 /* DownLoad.h */,
				47EA2C0D1D4C589C007EC6E7 /* DownLoad.m */,
				47EA2C0E1D4C589C007EC6E7 /* Global.h */,
				47EA2C0F1D4C589C007EC6E7 /* PrefixHeader.pch */,
			);
			path = Tools;
			sourceTree = "<group>";
		};
		47EA2C031D4C4FF3007EC6E7 /* Model */ = {
			isa = PBXGroup;
			children = (
				3F1A97CE1D52EE4300235153 /* QuadraticModel.h */,
				3F1A97CF1D52EE4300235153 /* QuadraticModel.m */,
			);
			path = Model;
			sourceTree = "<group>";
		};
		47EA2C041D4C4FF3007EC6E7 /* View */ = {
			isa = PBXGroup;
			children = (
				3F1A97D41D52EE9100235153 /* QuadraticTableViewCell.h */,
				3F1A97D51D52EE9100235153 /* QuadraticTableViewCell.m */,
				3F1A97D61D52EE9100235153 /* QuadraticTableViewCell.xib */,
			);
			path = View;
			sourceTree = "<group>";
		};
		47EA2C061D4C4FFA007EC6E7 /* View */ = {
			isa = PBXGroup;
			children = (
				471A1FAA1D4F54BC00F3C9C6 /* RadioCell.h */,
				471A1FAB1D4F54BC00F3C9C6 /* RadioCell.m */,
				471A1FAC1D4F54BC00F3C9C6 /* RadioCell.xib */,
				472298F21D51BA8E0085BC66 /* RadioDetailCell.h */,
				472298F31D51BA8E0085BC66 /* RadioDetailCell.m */,
				472298F41D51BA8E0085BC66 /* RadioDetailCell.xib */,
			);
			path = View;
			sourceTree = "<group>";
		};
		47EA2C071D4C5003007EC6E7 /* Model */ = {
			isa = PBXGroup;
			children = (
				479AED6C1D4CA807008CA4F0 /* TerrofyingModel.h */,
				479AED6D1D4CA807008CA4F0 /* TerrofyingModel.m */,
			);
			path = Model;
			sourceTree = "<group>";
		};
		47EA2C081D4C5003007EC6E7 /* View */ = {
			isa = PBXGroup;
			children = (
				479AED741D4CCC59008CA4F0 /* TerrofyingCell.xib */,
				4706ED301D4C824600098239 /* TerrofyingCell.h */,
				4706ED311D4C824600098239 /* TerrofyingCell.m */,
				471A1F9B1D4EE40900F3C9C6 /* DetailCell.h */,
				471A1F9C1D4EE40900F3C9C6 /* DetailCell.m */,
				471A1F9D1D4EE40900F3C9C6 /* DetailCell.xib */,
			);
			path = View;
			sourceTree = "<group>";
		};
		4C50335BE5485C50D555B1AB /* Pods */ = {
			isa = PBXGroup;
			children = (
				E8450B81A0D8416EC6F59D2F /* Pods-CartoonOnlie.debug.xcconfig */,
				AA82DCF6822C97A619D057A9 /* Pods-CartoonOnlie.release.xcconfig */,
			);
			name = Pods;
			sourceTree = "<group>";
		};
/* End PBXGroup section */

/* Begin PBXNativeTarget section */
		472EC6CC1D4C33890081DDC5 /* CartoonOnlie */ = {
			isa = PBXNativeTarget;
			buildConfigurationList = 472EC6FA1D4C33890081DDC5 /* Build configuration list for PBXNativeTarget "CartoonOnlie" */;
			buildPhases = (
				579652C1CAD955723D40A67B /* [CP] Check Pods Manifest.lock */,
				472EC6C91D4C33890081DDC5 /* Sources */,
				472EC6CA1D4C33890081DDC5 /* Frameworks */,
				472EC6CB1D4C33890081DDC5 /* Resources */,
				3AD18F8341618854F1150D3F /* [CP] Embed Pods Frameworks */,
				2B3CA544AA2DFCA3E71214A0 /* [CP] Copy Pods Resources */,
			);
			buildRules = (
			);
			dependencies = (
			);
			name = CartoonOnlie;
			productName = CartoonOnlie;
			productReference = 472EC6CD1D4C33890081DDC5 /* CartoonOnlie.app */;
			productType = "com.apple.product-type.application";
		};
		472EC6E51D4C33890081DDC5 /* CartoonOnlieTests */ = {
			isa = PBXNativeTarget;
			buildConfigurationList = 472EC6FD1D4C33890081DDC5 /* Build configuration list for PBXNativeTarget "CartoonOnlieTests" */;
			buildPhases = (
				472EC6E21D4C33890081DDC5 /* Sources */,
				472EC6E31D4C33890081DDC5 /* Frameworks */,
				472EC6E41D4C33890081DDC5 /* Resources */,
			);
			buildRules = (
			);
			dependencies = (
				472EC6E81D4C33890081DDC5 /* PBXTargetDependency */,
			);
			name = CartoonOnlieTests;
			productName = CartoonOnlieTests;
			productReference = 472EC6E61D4C33890081DDC5 /* CartoonOnlieTests.xctest */;
			productType = "com.apple.product-type.bundle.unit-test";
		};
		472EC6F01D4C33890081DDC5 /* CartoonOnlieUITests */ = {
			isa = PBXNativeTarget;
			buildConfigurationList = 472EC7001D4C33890081DDC5 /* Build configuration list for PBXNativeTarget "CartoonOnlieUITests" */;
			buildPhases = (
				472EC6ED1D4C33890081DDC5 /* Sources */,
				472EC6EE1D4C33890081DDC5 /* Frameworks */,
				472EC6EF1D4C33890081DDC5 /* Resources */,
			);
			buildRules = (
			);
			dependencies = (
				472EC6F31D4C33890081DDC5 /* PBXTargetDependency */,
			);
			name = CartoonOnlieUITests;
			productName = CartoonOnlieUITests;
			productReference = 472EC6F11D4C33890081DDC5 /* CartoonOnlieUITests.xctest */;
			productType = "com.apple.product-type.bundle.ui-testing";
		};
/* End PBXNativeTarget section */

/* Begin PBXProject section */
		472EC6C51D4C33890081DDC5 /* Project object */ = {
			isa = PBXProject;
			attributes = {
				LastUpgradeCheck = 0700;
				ORGANIZATIONNAME = huangzhiling;
				TargetAttributes = {
					472EC6CC1D4C33890081DDC5 = {
						CreatedOnToolsVersion = 7.0.1;
						DevelopmentTeam = 8R5389SW7Y;
					};
					472EC6E51D4C33890081DDC5 = {
						CreatedOnToolsVersion = 7.0.1;
						DevelopmentTeam = 8R5389SW7Y;
						TestTargetID = 472EC6CC1D4C33890081DDC5;
					};
					472EC6F01D4C33890081DDC5 = {
						CreatedOnToolsVersion = 7.0.1;
						DevelopmentTeam = 8R5389SW7Y;
						TestTargetID = 472EC6CC1D4C33890081DDC5;
					};
				};
			};
			buildConfigurationList = 472EC6C81D4C33890081DDC5 /* Build configuration list for PBXProject "CartoonOnlie" */;
			compatibilityVersion = "Xcode 3.2";
			developmentRegion = English;
			hasScannedForEncodings = 0;
			knownRegions = (
				en,
				Base,
			);
			mainGroup = 472EC6C41D4C33890081DDC5;
			productRefGroup = 472EC6CE1D4C33890081DDC5 /* Products */;
			projectDirPath = "";
			projectRoot = "";
			targets = (
				472EC6CC1D4C33890081DDC5 /* CartoonOnlie */,
				472EC6E51D4C33890081DDC5 /* CartoonOnlieTests */,
				472EC6F01D4C33890081DDC5 /* CartoonOnlieUITests */,
			);
		};
/* End PBXProject section */

/* Begin PBXResourcesBuildPhase section */
		472EC6CB1D4C33890081DDC5 /* Resources */ = {
			isa = PBXResourcesBuildPhase;
			buildActionMask = 2147483647;
			files = (
				479AED751D4CCC59008CA4F0 /* TerrofyingCell.xib in Resources */,
				472EC6E01D4C33890081DDC5 /* LaunchScreen.storyboard in Resources */,
				472299491D51F4E70085BC66 /* RadioDetailController.xib in Resources */,
				472298F61D51BA8E0085BC66 /* RadioDetailCell.xib in Resources */,
				472EC6DD1D4C33890081DDC5 /* Assets.xcassets in Resources */,
				472298FB1D51DF610085BC66 /* DetailController.xib in Resources */,
				472299581D5220190085BC66 /* RadioPlayController.xib in Resources */,
				3FC531B11D4C5320000EB7E5 /* FunListCell.xib in Resources */,
				471A1F9F1D4EE40900F3C9C6 /* DetailCell.xib in Resources */,
				3F1A97D81D52EE9100235153 /* QuadraticTableViewCell.xib in Resources */,
				471A1FAE1D4F54BC00F3C9C6 /* RadioCell.xib in Resources */,
			);
			runOnlyForDeploymentPostprocessing = 0;
		};
		472EC6E41D4C33890081DDC5 /* Resources */ = {
			isa = PBXResourcesBuildPhase;
			buildActionMask = 2147483647;
			files = (
			);
			runOnlyForDeploymentPostprocessing = 0;
		};
		472EC6EF1D4C33890081DDC5 /* Resources */ = {
			isa = PBXResourcesBuildPhase;
			buildActionMask = 2147483647;
			files = (
			);
			runOnlyForDeploymentPostprocessing = 0;
		};
/* End PBXResourcesBuildPhase section */

/* Begin PBXShellScriptBuildPhase section */
		2B3CA544AA2DFCA3E71214A0 /* [CP] Copy Pods Resources */ = {
			isa = PBXShellScriptBuildPhase;
			buildActionMask = 2147483647;
			files = (
			);
			inputPaths = (
			);
			name = "[CP] Copy Pods Resources";
			outputPaths = (
			);
			runOnlyForDeploymentPostprocessing = 0;
			shellPath = /bin/sh;
			shellScript = "\"${SRCROOT}/Pods/Target Support Files/Pods-CartoonOnlie/Pods-CartoonOnlie-resources.sh\"\n";
			showEnvVarsInLog = 0;
		};
		3AD18F8341618854F1150D3F /* [CP] Embed Pods Frameworks */ = {
			isa = PBXShellScriptBuildPhase;
			buildActionMask = 2147483647;
			files = (
			);
			inputPaths = (
			);
			name = "[CP] Embed Pods Frameworks";
			outputPaths = (
			);
			runOnlyForDeploymentPostprocessing = 0;
			shellPath = /bin/sh;
			shellScript = "\"${SRCROOT}/Pods/Target Support Files/Pods-CartoonOnlie/Pods-CartoonOnlie-frameworks.sh\"\n";
			showEnvVarsInLog = 0;
		};
		579652C1CAD955723D40A67B /* [CP] Check Pods Manifest.lock */ = {
			isa = PBXShellScriptBuildPhase;
			buildActionMask = 2147483647;
			files = (
			);
			inputPaths = (
			);
			name = "[CP] Check Pods Manifest.lock";
			outputPaths = (
			);
			runOnlyForDeploymentPostprocessing = 0;
			shellPath = /bin/sh;
			shellScript = "diff \"${PODS_ROOT}/../Podfile.lock\" \"${PODS_ROOT}/Manifest.lock\" > /dev/null\nif [[ $? != 0 ]] ; then\n    cat << EOM\nerror: The sandbox is not in sync with the Podfile.lock. Run 'pod install' or update your CocoaPods installation.\nEOM\n    exit 1\nfi\n";
			showEnvVarsInLog = 0;
		};
/* End PBXShellScriptBuildPhase section */

/* Begin PBXSourcesBuildPhase section */
		472EC6C91D4C33890081DDC5 /* Sources */ = {
			isa = PBXSourcesBuildPhase;
			buildActionMask = 2147483647;
			files = (
				472298E81D51B1B60085BC66 /* RadioController.m in Sources */,
				472EC70C1D4C35560081DDC5 /* HMDrawerViewController.m in Sources */,
				472EC70D1D4C35560081DDC5 /* HMLeftMenuTableViewController.m in Sources */,
				472298FA1D51DF610085BC66 /* DetailController.m in Sources */,
				471A1F9E1D4EE40900F3C9C6 /* DetailCell.m in Sources */,
				472EC7491D4C39980081DDC5 /* QuadraticController.m in Sources */,
				472299481D51F4E70085BC66 /* RadioDetailController.m in Sources */,
				472299571D5220190085BC66 /* RadioPlayController.m in Sources */,
				3FC531B41D4C5328000EB7E5 /* FunListModel.m in Sources */,
				3F1A97D01D52EE4300235153 /* QuadraticModel.m in Sources */,
				479AED6E1D4CA807008CA4F0 /* TerrofyingModel.m in Sources */,
				472EC7461D4C39870081DDC5 /* FunnyController.m in Sources */,
				3FC531B01D4C5320000EB7E5 /* FunListCell.m in Sources */,
				472EC70B1D4C35560081DDC5 /* HMMessageViewController.m in Sources */,
				472298F51D51BA8E0085BC66 /* RadioDetailCell.m in Sources */,
				472EC6D51D4C33890081DDC5 /* AppDelegate.m in Sources */,
				3F1A97D71D52EE9100235153 /* QuadraticTableViewCell.m in Sources */,
				472EC6D21D4C33890081DDC5 /* main.m in Sources */,
				4722995B1D52204C0085BC66 /* AVManager.m in Sources */,
				4706ED331D4C824600098239 /* TerrofyingCell.m in Sources */,
				47EA2C101D4C589C007EC6E7 /* DownLoad.m in Sources */,
				472EC74F1D4C39BD0081DDC5 /* TerrofyingController.m in Sources */,
				472298F11D51B7830085BC66 /* RadioDetaiModel.m in Sources */,
				471A1FAD1D4F54BC00F3C9C6 /* RadioCell.m in Sources */,
				471A1FA91D4F4C3E00F3C9C6 /* RadioModel.m in Sources */,
			);
			runOnlyForDeploymentPostprocessing = 0;
		};
		472EC6E21D4C33890081DDC5 /* Sources */ = {
			isa = PBXSourcesBuildPhase;
			buildActionMask = 2147483647;
			files = (
				472EC6EB1D4C33890081DDC5 /* CartoonOnlieTests.m in Sources */,
			);
			runOnlyForDeploymentPostprocessing = 0;
		};
		472EC6ED1D4C33890081DDC5 /* Sources */ = {
			isa = PBXSourcesBuildPhase;
			buildActionMask = 2147483647;
			files = (
				472EC6F61D4C33890081DDC5 /* CartoonOnlieUITests.m in Sources */,
			);
			runOnlyForDeploymentPostprocessing = 0;
		};
/* End PBXSourcesBuildPhase section */

/* Begin PBXTargetDependency section */
		472EC6E81D4C33890081DDC5 /* PBXTargetDependency */ = {
			isa = PBXTargetDependency;
			target = 472EC6CC1D4C33890081DDC5 /* CartoonOnlie */;
			targetProxy = 472EC6E71D4C33890081DDC5 /* PBXContainerItemProxy */;
		};
		472EC6F31D4C33890081DDC5 /* PBXTargetDependency */ = {
			isa = PBXTargetDependency;
			target = 472EC6CC1D4C33890081DDC5 /* CartoonOnlie */;
			targetProxy = 472EC6F21D4C33890081DDC5 /* PBXContainerItemProxy */;
		};
/* End PBXTargetDependency section */

/* Begin PBXVariantGroup section */
		472EC6DE1D4C33890081DDC5 /* LaunchScreen.storyboard */ = {
			isa = PBXVariantGroup;
			children = (
				472EC6DF1D4C33890081DDC5 /* Base */,
			);
			name = LaunchScreen.storyboard;
			sourceTree = "<group>";
		};
/* End PBXVariantGroup section */

/* Begin XCBuildConfiguration section */
		472EC6F81D4C33890081DDC5 /* Debug */ = {
			isa = XCBuildConfiguration;
			buildSettings = {
				ALWAYS_SEARCH_USER_PATHS = NO;
				CLANG_CXX_LANGUAGE_STANDARD = "gnu++0x";
				CLANG_CXX_LIBRARY = "libc++";
				CLANG_ENABLE_MODULES = YES;
				CLANG_ENABLE_OBJC_ARC = YES;
				CLANG_WARN_BOOL_CONVERSION = YES;
				CLANG_WARN_CONSTANT_CONVERSION = YES;
				CLANG_WARN_DIRECT_OBJC_ISA_USAGE = YES_ERROR;
				CLANG_WARN_EMPTY_BODY = YES;
				CLANG_WARN_ENUM_CONVERSION = YES;
				CLANG_WARN_INT_CONVERSION = YES;
				CLANG_WARN_OBJC_ROOT_CLASS = YES_ERROR;
				CLANG_WARN_UNREACHABLE_CODE = YES;
				CLANG_WARN__DUPLICATE_METHOD_MATCH = YES;
				"CODE_SIGN_IDENTITY[sdk=iphoneos*]" = "iPhone Developer";
				COPY_PHASE_STRIP = NO;
				DEBUG_INFORMATION_FORMAT = dwarf;
				ENABLE_STRICT_OBJC_MSGSEND = YES;
				ENABLE_TESTABILITY = YES;
				GCC_C_LANGUAGE_STANDARD = gnu99;
				GCC_DYNAMIC_NO_PIC = NO;
				GCC_NO_COMMON_BLOCKS = YES;
				GCC_OPTIMIZATION_LEVEL = 0;
				GCC_PREPROCESSOR_DEFINITIONS = (
					"DEBUG=1",
					"$(inherited)",
				);
				GCC_WARN_64_TO_32_BIT_CONVERSION = YES;
				GCC_WARN_ABOUT_RETURN_TYPE = YES_ERROR;
				GCC_WARN_UNDECLARED_SELECTOR = YES;
				GCC_WARN_UNINITIALIZED_AUTOS = YES_AGGRESSIVE;
				GCC_WARN_UNUSED_FUNCTION = YES;
				GCC_WARN_UNUSED_VARIABLE = YES;
				IPHONEOS_DEPLOYMENT_TARGET = 9.0;
				MTL_ENABLE_DEBUG_INFO = YES;
				ONLY_ACTIVE_ARCH = YES;
				SDKROOT = iphoneos;
				TARGETED_DEVICE_FAMILY = "1,2";
			};
			name = Debug;
		};
		472EC6F91D4C33890081DDC5 /* Release */ = {
			isa = XCBuildConfiguration;
			buildSettings = {
				ALWAYS_SEARCH_USER_PATHS = NO;
				CLANG_CXX_LANGUAGE_STANDARD = "gnu++0x";
				CLANG_CXX_LIBRARY = "libc++";
				CLANG_ENABLE_MODULES = YES;
				CLANG_ENABLE_OBJC_ARC = YES;
				CLANG_WARN_BOOL_CONVERSION = YES;
				CLANG_WARN_CONSTANT_CONVERSION = YES;
				CLANG_WARN_DIRECT_OBJC_ISA_USAGE = YES_ERROR;
				CLANG_WARN_EMPTY_BODY = YES;
				CLANG_WARN_ENUM_CONVERSION = YES;
				CLANG_WARN_INT_CONVERSION = YES;
				CLANG_WARN_OBJC_ROOT_CLASS = YES_ERROR;
				CLANG_WARN_UNREACHABLE_CODE = YES;
				CLANG_WARN__DUPLICATE_METHOD_MATCH = YES;
				"CODE_SIGN_IDENTITY[sdk=iphoneos*]" = "iPhone Developer";
				COPY_PHASE_STRIP = NO;
				DEBUG_INFORMATION_FORMAT = "dwarf-with-dsym";
				ENABLE_NS_ASSERTIONS = NO;
				ENABLE_STRICT_OBJC_MSGSEND = YES;
				GCC_C_LANGUAGE_STANDARD = gnu99;
				GCC_NO_COMMON_BLOCKS = YES;
				GCC_WARN_64_TO_32_BIT_CONVERSION = YES;
				GCC_WARN_ABOUT_RETURN_TYPE = YES_ERROR;
				GCC_WARN_UNDECLARED_SELECTOR = YES;
				GCC_WARN_UNINITIALIZED_AUTOS = YES_AGGRESSIVE;
				GCC_WARN_UNUSED_FUNCTION = YES;
				GCC_WARN_UNUSED_VARIABLE = YES;
				IPHONEOS_DEPLOYMENT_TARGET = 9.0;
				MTL_ENABLE_DEBUG_INFO = NO;
				SDKROOT = iphoneos;
				TARGETED_DEVICE_FAMILY = "1,2";
				VALIDATE_PRODUCT = YES;
			};
			name = Release;
		};
		472EC6FB1D4C33890081DDC5 /* Debug */ = {
			isa = XCBuildConfiguration;
			baseConfigurationReference = E8450B81A0D8416EC6F59D2F /* Pods-CartoonOnlie.debug.xcconfig */;
			buildSettings = {
				ASSETCATALOG_COMPILER_APPICON_NAME = AppIcon;
				GCC_PREFIX_HEADER = /Users/lan/Desktop/CartoonOnlie/CartoonOnlie/CartoonOnlie/CartoonOnlie/Code/Tools/PrefixHeader.pch;
				INFOPLIST_FILE = CartoonOnlie/Info.plist;
				LD_RUNPATH_SEARCH_PATHS = "$(inherited) @executable_path/Frameworks";
				PRODUCT_BUNDLE_IDENTIFIER = com.lanou3g.CartoonOnlie;
				PRODUCT_NAME = "$(TARGET_NAME)";
			};
			name = Debug;
		};
		472EC6FC1D4C33890081DDC5 /* Release */ = {
			isa = XCBuildConfiguration;
			baseConfigurationReference = AA82DCF6822C97A619D057A9 /* Pods-CartoonOnlie.release.xcconfig */;
			buildSettings = {
				ASSETCATALOG_COMPILER_APPICON_NAME = AppIcon;
				GCC_PREFIX_HEADER = /Users/lan/Desktop/CartoonOnlie/CartoonOnlie/CartoonOnlie/CartoonOnlie/Code/Tools/PrefixHeader.pch;
				INFOPLIST_FILE = CartoonOnlie/Info.plist;
				LD_RUNPATH_SEARCH_PATHS = "$(inherited) @executable_path/Frameworks";
				PRODUCT_BUNDLE_IDENTIFIER = com.lanou3g.CartoonOnlie;
				PRODUCT_NAME = "$(TARGET_NAME)";
			};
			name = Release;
		};
		472EC6FE1D4C33890081DDC5 /* Debug */ = {
			isa = XCBuildConfiguration;
			buildSettings = {
				BUNDLE_LOADER = "$(TEST_HOST)";
				INFOPLIST_FILE = CartoonOnlieTests/Info.plist;
				LD_RUNPATH_SEARCH_PATHS = "$(inherited) @executable_path/Frameworks @loader_path/Frameworks";
				PRODUCT_BUNDLE_IDENTIFIER = com.lanou3g.CartoonOnlieTests;
				PRODUCT_NAME = "$(TARGET_NAME)";
				TEST_HOST = "$(BUILT_PRODUCTS_DIR)/CartoonOnlie.app/CartoonOnlie";
			};
			name = Debug;
		};
		472EC6FF1D4C33890081DDC5 /* Release */ = {
			isa = XCBuildConfiguration;
			buildSettings = {
				BUNDLE_LOADER = "$(TEST_HOST)";
				INFOPLIST_FILE = CartoonOnlieTests/Info.plist;
				LD_RUNPATH_SEARCH_PATHS = "$(inherited) @executable_path/Frameworks @loader_path/Frameworks";
				PRODUCT_BUNDLE_IDENTIFIER = com.lanou3g.CartoonOnlieTests;
				PRODUCT_NAME = "$(TARGET_NAME)";
				TEST_HOST = "$(BUILT_PRODUCTS_DIR)/CartoonOnlie.app/CartoonOnlie";
			};
			name = Release;
		};
		472EC7011D4C33890081DDC5 /* Debug */ = {
			isa = XCBuildConfiguration;
			buildSettings = {
				INFOPLIST_FILE = CartoonOnlieUITests/Info.plist;
				LD_RUNPATH_SEARCH_PATHS = "$(inherited) @executable_path/Frameworks @loader_path/Frameworks";
				PRODUCT_BUNDLE_IDENTIFIER = com.lanou3g.CartoonOnlieUITests;
				PRODUCT_NAME = "$(TARGET_NAME)";
				TEST_TARGET_NAME = CartoonOnlie;
				USES_XCTRUNNER = YES;
			};
			name = Debug;
		};
		472EC7021D4C33890081DDC5 /* Release */ = {
			isa = XCBuildConfiguration;
			buildSettings = {
				INFOPLIST_FILE = CartoonOnlieUITests/Info.plist;
				LD_RUNPATH_SEARCH_PATHS = "$(inherited) @executable_path/Frameworks @loader_path/Frameworks";
				PRODUCT_BUNDLE_IDENTIFIER = com.lanou3g.CartoonOnlieUITests;
				PRODUCT_NAME = "$(TARGET_NAME)";
				TEST_TARGET_NAME = CartoonOnlie;
				USES_XCTRUNNER = YES;
			};
			name = Release;
		};
/* End XCBuildConfiguration section */

/* Begin XCConfigurationList section */
		472EC6C81D4C33890081DDC5 /* Build configuration list for PBXProject "CartoonOnlie" */ = {
			isa = XCConfigurationList;
			buildConfigurations = (
				472EC6F81D4C33890081DDC5 /* Debug */,
				472EC6F91D4C33890081DDC5 /* Release */,
			);
			defaultConfigurationIsVisible = 0;
			defaultConfigurationName = Release;
		};
		472EC6FA1D4C33890081DDC5 /* Build configuration list for PBXNativeTarget "CartoonOnlie" */ = {
			isa = XCConfigurationList;
			buildConfigurations = (
				472EC6FB1D4C33890081DDC5 /* Debug */,
				472EC6FC1D4C33890081DDC5 /* Release */,
			);
			defaultConfigurationIsVisible = 0;
			defaultConfigurationName = Release;
		};
		472EC6FD1D4C33890081DDC5 /* Build configuration list for PBXNativeTarget "CartoonOnlieTests" */ = {
			isa = XCConfigurationList;
			buildConfigurations = (
				472EC6FE1D4C33890081DDC5 /* Debug */,
				472EC6FF1D4C33890081DDC5 /* Release */,
			);
			defaultConfigurationIsVisible = 0;
			defaultConfigurationName = Release;
		};
		472EC7001D4C33890081DDC5 /* Build configuration list for PBXNativeTarget "CartoonOnlieUITests" */ = {
			isa = XCConfigurationList;
			buildConfigurations = (
				472EC7011D4C33890081DDC5 /* Debug */,
				472EC7021D4C33890081DDC5 /* Release */,
			);
			defaultConfigurationIsVisible = 0;
			defaultConfigurationName = Release;
		};
/* End XCConfigurationList section */
	};
	rootObject = 472EC6C51D4C33890081DDC5 /* Project object */;
}
