// !$*UTF8*$!
{
	archiveVersion = 1;
	classes = {
	};
	objectVersion = 46;
	objects = {

/* Begin PBXBuildFile section */
		472EC6D21D4C33890081DDC5 /* main.m in Sources */ = {isa = PBXBuildFile; fileRef = 472EC6D11D4C33890081DDC5 /* main.m */; };
		472EC6D51D4C33890081DDC5 /* AppDelegate.m in Sources */ = {isa = PBXBuildFile; fileRef = 472EC6D41D4C33890081DDC5 /* AppDelegate.m */; };
		472EC6DD1D4C33890081DDC5 /* Assets.xcassets in Resources */ = {isa = PBXBuildFile; fileRef = 472EC6DC1D4C33890081DDC5 /* Assets.xcassets */; };
		472EC6E01D4C33890081DDC5 /* LaunchScreen.storyboard in Resources */ = {isa = PBXBuildFile; fileRef = 472EC6DE1D4C33890081DDC5 /* LaunchScreen.storyboard */; };
		472EC6EB1D4C33890081DDC5 /* CartoonOnlieTests.m in Sources */ = {isa = PBXBuildFile; fileRef = 472EC6EA1D4C33890081DDC5 /* CartoonOnlieTests.m */; };
		472EC6F61D4C33890081DDC5 /* CartoonOnlieUITests.m in Sources */ = {isa = PBXBuildFile; fileRef = 472EC6F51D4C33890081DDC5 /* CartoonOnlieUITests.m */; };
		472EC70B1D4C35560081DDC5 /* HMMessageViewController.m in Sources */ = {isa = PBXBuildFile; fileRef = 472EC7061D4C35560081DDC5 /* HMMessageViewController.m */; settings = {ASSET_TAGS = (); }; };
		472EC70C1D4C35560081DDC5 /* HMDrawerViewController.m in Sources */ = {isa = PBXBuildFile; fileRef = 472EC7081D4C35560081DDC5 /* HMDrawerViewController.m */; settings = {ASSET_TAGS = (); }; };
		472EC70D1D4C35560081DDC5 /* HMLeftMenuTableViewController.m in Sources */ = {isa = PBXBuildFile; fileRef = 472EC70A1D4C35560081DDC5 /* HMLeftMenuTableViewController.m */; settings = {ASSET_TAGS = (); }; };
		472EC7461D4C39870081DDC5 /* FunnyController.m in Sources */ = {isa = PBXBuildFile; fileRef = 472EC7451D4C39870081DDC5 /* FunnyController.m */; settings = {ASSET_TAGS = (); }; };
		472EC7491D4C39980081DDC5 /* QuadraticController.m in Sources */ = {isa = PBXBuildFile; fileRef = 472EC7481D4C39980081DDC5 /* QuadraticController.m */; settings = {ASSET_TAGS = (); }; };
		472EC74C1D4C39A80081DDC5 /* RadioController.m in Sources */ = {isa = PBXBuildFile; fileRef = 472EC74B1D4C39A80081DDC5 /* RadioController.m */; settings = {ASSET_TAGS = (); }; };
		472EC74F1D4C39BD0081DDC5 /* TerrofyingController.m in Sources */ = {isa = PBXBuildFile; fileRef = 472EC74E1D4C39BD0081DDC5 /* TerrofyingController.m */; settings = {ASSET_TAGS = (); }; };
		47EA2BFF1D4C4850007EC6E7 /* DownLoad.m in Sources */ = {isa = PBXBuildFile; fileRef = 47EA2BFE1D4C4850007EC6E7 /* DownLoad.m */; settings = {ASSET_TAGS = (); }; };
/* End PBXBuildFile section */

/* Begin PBXContainerItemProxy section */
		472EC6E71D4C33890081DDC5 /* PBXContainerItemProxy */ = {
			isa = PBXContainerItemProxy;
			containerPortal = 472EC6C51D4C33890081DDC5 /* Project object */;
			proxyType = 1;
			remoteGlobalIDString = 472EC6CC1D4C33890081DDC5;
			remoteInfo = CartoonOnlie;
		};
		472EC6F21D4C33890081DDC5 /* PBXContainerItemProxy */ = {
			isa = PBXContainerItemProxy;
			containerPortal = 472EC6C51D4C33890081DDC5 /* Project object */;
			proxyType = 1;
			remoteGlobalIDString = 472EC6CC1D4C33890081DDC5;
			remoteInfo = CartoonOnlie;
		};
/* End PBXContainerItemProxy section */

/* Begin PBXFileReference section */
		472EC6CD1D4C33890081DDC5 /* CartoonOnlie.app */ = {isa = PBXFileReference; explicitFileType = wrapper.application; includeInIndex = 0; path = CartoonOnlie.app; sourceTree = BUILT_PRODUCTS_DIR; };
		472EC6D11D4C33890081DDC5 /* main.m */ = {isa = PBXFileReference; lastKnownFileType = sourcecode.c.objc; path = main.m; sourceTree = "<group>"; };
		472EC6D31D4C33890081DDC5 /* AppDelegate.h */ = {isa = PBXFileReference; lastKnownFileType = sourcecode.c.h; path = AppDelegate.h; sourceTree = "<group>"; };
		472EC6D41D4C33890081DDC5 /* AppDelegate.m */ = {isa = PBXFileReference; lastKnownFileType = sourcecode.c.objc; path = AppDelegate.m; sourceTree = "<group>"; };
		472EC6DC1D4C33890081DDC5 /* Assets.xcassets */ = {isa = PBXFileReference; lastKnownFileType = folder.assetcatalog; path = Assets.xcassets; sourceTree = "<group>"; };
		472EC6DF1D4C33890081DDC5 /* Base */ = {isa = PBXFileReference; lastKnownFileType = file.storyboard; name = Base; path = Base.lproj/LaunchScreen.storyboard; sourceTree = "<group>"; };
		472EC6E11D4C33890081DDC5 /* Info.plist */ = {isa = PBXFileReference; lastKnownFileType = text.plist.xml; path = Info.plist; sourceTree = "<group>"; };
		472EC6E61D4C33890081DDC5 /* CartoonOnlieTests.xctest */ = {isa = PBXFileReference; explicitFileType = wrapper.cfbundle; includeInIndex = 0; path = CartoonOnlieTests.xctest; sourceTree = BUILT_PRODUCTS_DIR; };
		472EC6EA1D4C33890081DDC5 /* CartoonOnlieTests.m */ = {isa = PBXFileReference; lastKnownFileType = sourcecode.c.objc; path = CartoonOnlieTests.m; sourceTree = "<group>"; };
		472EC6EC1D4C33890081DDC5 /* Info.plist */ = {isa = PBXFileReference; lastKnownFileType = text.plist.xml; path = Info.plist; sourceTree = "<group>"; };
		472EC6F11D4C33890081DDC5 /* CartoonOnlieUITests.xctest */ = {isa = PBXFileReference; explicitFileType = wrapper.cfbundle; includeInIndex = 0; path = CartoonOnlieUITests.xctest; sourceTree = BUILT_PRODUCTS_DIR; };
		472EC6F51D4C33890081DDC5 /* CartoonOnlieUITests.m */ = {isa = PBXFileReference; lastKnownFileType = sourcecode.c.objc; path = CartoonOnlieUITests.m; sourceTree = "<group>"; };
		472EC6F71D4C33890081DDC5 /* Info.plist */ = {isa = PBXFileReference; lastKnownFileType = text.plist.xml; path = Info.plist; sourceTree = "<group>"; };
		472EC7051D4C35560081DDC5 /* HMMessageViewController.h */ = {isa = PBXFileReference; fileEncoding = 4; lastKnownFileType = sourcecode.c.h; path = HMMessageViewController.h; sourceTree = "<group>"; };
		472EC7061D4C35560081DDC5 /* HMMessageViewController.m */ = {isa = PBXFileReference; fileEncoding = 4; lastKnownFileType = sourcecode.c.objc; path = HMMessageViewController.m; sourceTree = "<group>"; };
		472EC7071D4C35560081DDC5 /* HMDrawerViewController.h */ = {isa = PBXFileReference; fileEncoding = 4; lastKnownFileType = sourcecode.c.h; path = HMDrawerViewController.h; sourceTree = "<group>"; };
		472EC7081D4C35560081DDC5 /* HMDrawerViewController.m */ = {isa = PBXFileReference; fileEncoding = 4; lastKnownFileType = sourcecode.c.objc; path = HMDrawerViewController.m; sourceTree = "<group>"; };
		472EC7091D4C35560081DDC5 /* HMLeftMenuTableViewController.h */ = {isa = PBXFileReference; fileEncoding = 4; lastKnownFileType = sourcecode.c.h; path = HMLeftMenuTableViewController.h; sourceTree = "<group>"; };
		472EC70A1D4C35560081DDC5 /* HMLeftMenuTableViewController.m */ = {isa = PBXFileReference; fileEncoding = 4; lastKnownFileType = sourcecode.c.objc; path = HMLeftMenuTableViewController.m; sourceTree = "<group>"; };
		472EC7441D4C39870081DDC5 /* FunnyController.h */ = {isa = PBXFileReference; fileEncoding = 4; lastKnownFileType = sourcecode.c.h; path = FunnyController.h; sourceTree = "<group>"; };
		472EC7451D4C39870081DDC5 /* FunnyController.m */ = {isa = PBXFileReference; fileEncoding = 4; lastKnownFileType = sourcecode.c.objc; path = FunnyController.m; sourceTree = "<group>"; };
		472EC7471D4C39980081DDC5 /* QuadraticController.h */ = {isa = PBXFileReference; fileEncoding = 4; lastKnownFileType = sourcecode.c.h; path = QuadraticController.h; sourceTree = "<group>"; };
		472EC7481D4C39980081DDC5 /* QuadraticController.m */ = {isa = PBXFileReference; fileEncoding = 4; lastKnownFileType = sourcecode.c.objc; path = QuadraticController.m; sourceTree = "<group>"; };
		472EC74A1D4C39A80081DDC5 /* RadioController.h */ = {isa = PBXFileReference; fileEncoding = 4; lastKnownFileType = sourcecode.c.h; path = RadioController.h; sourceTree = "<group>"; };
		472EC74B1D4C39A80081DDC5 /* RadioController.m */ = {isa = PBXFileReference; fileEncoding = 4; lastKnownFileType = sourcecode.c.objc; path = RadioController.m; sourceTree = "<group>"; };
		472EC74D1D4C39BD0081DDC5 /* TerrofyingController.h */ = {isa = PBXFileReference; fileEncoding = 4; lastKnownFileType = sourcecode.c.h; path = TerrofyingController.h; sourceTree = "<group>"; };
		472EC74E1D4C39BD0081DDC5 /* TerrofyingController.m */ = {isa = PBXFileReference; fileEncoding = 4; lastKnownFileType = sourcecode.c.objc; path = TerrofyingController.m; sourceTree = "<group>"; };
		47EA2BFD1D4C4850007EC6E7 /* DownLoad.h */ = {isa = PBXFileReference; fileEncoding = 4; lastKnownFileType = sourcecode.c.h; path = DownLoad.h; sourceTree = "<group>"; };
		47EA2BFE1D4C4850007EC6E7 /* DownLoad.m */ = {isa = PBXFileReference; fileEncoding = 4; lastKnownFileType = sourcecode.c.objc; path = DownLoad.m; sourceTree = "<group>"; };
		47EA2C001D4C48FB007EC6E7 /* PrefixHeader.pch */ = {isa = PBXFileReference; lastKnownFileType = sourcecode.c.h; path = PrefixHeader.pch; sourceTree = "<group>"; };
/* End PBXFileReference section */

/* Begin PBXFrameworksBuildPhase section */
		472EC6CA1D4C33890081DDC5 /* Frameworks */ = {
			isa = PBXFrameworksBuildPhase;
			buildActionMask = 2147483647;
			files = (
			);
			runOnlyForDeploymentPostprocessing = 0;
		};
		472EC6E31D4C33890081DDC5 /* Frameworks */ = {
			isa = PBXFrameworksBuildPhase;
			buildActionMask = 2147483647;
			files = (
			);
			runOnlyForDeploymentPostprocessing = 0;
		};
		472EC6EE1D4C33890081DDC5 /* Frameworks */ = {
			isa = PBXFrameworksBuildPhase;
			buildActionMask = 2147483647;
			files = (
			);
			runOnlyForDeploymentPostprocessing = 0;
		};
/* End PBXFrameworksBuildPhase section */

/* Begin PBXGroup section */
		472EC6C41D4C33890081DDC5 = {
			isa = PBXGroup;
			children = (
				472EC6CF1D4C33890081DDC5 /* CartoonOnlie */,
				472EC6E91D4C33890081DDC5 /* CartoonOnlieTests */,
				472EC6F41D4C33890081DDC5 /* CartoonOnlieUITests */,
				472EC6CE1D4C33890081DDC5 /* Products */,
			);
			sourceTree = "<group>";
		};
		472EC6CE1D4C33890081DDC5 /* Products */ = {
			isa = PBXGroup;
			children = (
				472EC6CD1D4C33890081DDC5 /* CartoonOnlie.app */,
				472EC6E61D4C33890081DDC5 /* CartoonOnlieTests.xctest */,
				472EC6F11D4C33890081DDC5 /* CartoonOnlieUITests.xctest */,
			);
			name = Products;
			sourceTree = "<group>";
		};
		472EC6CF1D4C33890081DDC5 /* CartoonOnlie */ = {
			isa = PBXGroup;
			children = (
				472EC7031D4C34D40081DDC5 /* Code */,
				472EC6D31D4C33890081DDC5 /* AppDelegate.h */,
				472EC6D41D4C33890081DDC5 /* AppDelegate.m */,
				472EC6DC1D4C33890081DDC5 /* Assets.xcassets */,
				472EC6DE1D4C33890081DDC5 /* LaunchScreen.storyboard */,
				472EC6E11D4C33890081DDC5 /* Info.plist */,
				472EC6D01D4C33890081DDC5 /* Supporting Files */,
			);
			path = CartoonOnlie;
			sourceTree = "<group>";
		};
		472EC6D01D4C33890081DDC5 /* Supporting Files */ = {
			isa = PBXGroup;
			children = (
				472EC6D11D4C33890081DDC5 /* main.m */,
			);
			name = "Supporting Files";
			sourceTree = "<group>";
		};
		472EC6E91D4C33890081DDC5 /* CartoonOnlieTests */ = {
			isa = PBXGroup;
			children = (
				472EC6EA1D4C33890081DDC5 /* CartoonOnlieTests.m */,
				472EC6EC1D4C33890081DDC5 /* Info.plist */,
			);
			path = CartoonOnlieTests;
			sourceTree = "<group>";
		};
		472EC6F41D4C33890081DDC5 /* CartoonOnlieUITests */ = {
			isa = PBXGroup;
			children = (
				472EC6F51D4C33890081DDC5 /* CartoonOnlieUITests.m */,
				472EC6F71D4C33890081DDC5 /* Info.plist */,
			);
			path = CartoonOnlieUITests;
			sourceTree = "<group>";
		};
		472EC7031D4C34D40081DDC5 /* Code */ = {
			isa = PBXGroup;
			children = (
				47EA2BFC1D4C480B007EC6E7 /* Tools */,
				472EC7341D4C39290081DDC5 /* CartoonFunny */,
				472EC7381D4C39290081DDC5 /* CartoonQuadratic */,
				472EC73C1D4C39290081DDC5 /* CartoonRadio */,
				472EC7401D4C39290081DDC5 /* CartoonTerrofying */,
				472EC7041D4C35310081DDC5 /* CartoonMainVc */,
			);
			path = Code;
			sourceTree = "<group>";
		};
		472EC7041D4C35310081DDC5 /* CartoonMainVc */ = {
			isa = PBXGroup;
			children = (
				472EC7051D4C35560081DDC5 /* HMMessageViewController.h */,
				472EC7061D4C35560081DDC5 /* HMMessageViewController.m */,
				472EC7071D4C35560081DDC5 /* HMDrawerViewController.h */,
				472EC7081D4C35560081DDC5 /* HMDrawerViewController.m */,
				472EC7091D4C35560081DDC5 /* HMLeftMenuTableViewController.h */,
				472EC70A1D4C35560081DDC5 /* HMLeftMenuTableViewController.m */,
			);
			path = CartoonMainVc;
			sourceTree = "<group>";
		};
		472EC7341D4C39290081DDC5 /* CartoonFunny */ = {
			isa = PBXGroup;
			children = (
				472EC7351D4C39290081DDC5 /* Controller */,
				472EC7361D4C39290081DDC5 /* Model */,
				472EC7371D4C39290081DDC5 /* View */,
			);
			path = CartoonFunny;
			sourceTree = "<group>";
		};
		472EC7351D4C39290081DDC5 /* Controller */ = {
			isa = PBXGroup;
			children = (
				472EC7441D4C39870081DDC5 /* FunnyController.h */,
				472EC7451D4C39870081DDC5 /* FunnyController.m */,
			);
			path = Controller;
			sourceTree = "<group>";
		};
		472EC7361D4C39290081DDC5 /* Model */ = {
			isa = PBXGroup;
			children = (
			);
			path = Model;
			sourceTree = "<group>";
		};
		472EC7371D4C39290081DDC5 /* View */ = {
			isa = PBXGroup;
			children = (
			);
			path = View;
			sourceTree = "<group>";
		};
		472EC7381D4C39290081DDC5 /* CartoonQuadratic */ = {
			isa = PBXGroup;
			children = (
				472EC7391D4C39290081DDC5 /* Controller */,
				472EC73A1D4C39290081DDC5 /* Model */,
				472EC73B1D4C39290081DDC5 /* View */,
			);
			path = CartoonQuadratic;
			sourceTree = "<group>";
		};
		472EC7391D4C39290081DDC5 /* Controller */ = {
			isa = PBXGroup;
			children = (
				472EC7471D4C39980081DDC5 /* QuadraticController.h */,
				472EC7481D4C39980081DDC5 /* QuadraticController.m */,
			);
			path = Controller;
			sourceTree = "<group>";
		};
		472EC73A1D4C39290081DDC5 /* Model */ = {
			isa = PBXGroup;
			children = (
			);
			path = Model;
			sourceTree = "<group>";
		};
		472EC73B1D4C39290081DDC5 /* View */ = {
			isa = PBXGroup;
			children = (
			);
			path = View;
			sourceTree = "<group>";
		};
		472EC73C1D4C39290081DDC5 /* CartoonRadio */ = {
			isa = PBXGroup;
			children = (
				472EC73D1D4C39290081DDC5 /* Controller */,
				472EC73E1D4C39290081DDC5 /* Model */,
				472EC73F1D4C39290081DDC5 /* View */,
			);
			path = CartoonRadio;
			sourceTree = "<group>";
		};
		472EC73D1D4C39290081DDC5 /* Controller */ = {
			isa = PBXGroup;
			children = (
				472EC74A1D4C39A80081DDC5 /* RadioController.h */,
				472EC74B1D4C39A80081DDC5 /* RadioController.m */,
			);
			path = Controller;
			sourceTree = "<group>";
		};
		472EC73E1D4C39290081DDC5 /* Model */ = {
			isa = PBXGroup;
			children = (
			);
			path = Model;
			sourceTree = "<group>";
		};
		472EC73F1D4C39290081DDC5 /* View */ = {
			isa = PBXGroup;
			children = (
			);
			path = View;
			sourceTree = "<group>";
		};
		472EC7401D4C39290081DDC5 /* CartoonTerrofying */ = {
			isa = PBXGroup;
			children = (
				472EC7411D4C39290081DDC5 /* Controller */,
				472EC7421D4C39290081DDC5 /* Model */,
				472EC7431D4C39290081DDC5 /* View */,
			);
			path = CartoonTerrofying;
			sourceTree = "<group>";
		};
		472EC7411D4C39290081DDC5 /* Controller */ = {
			isa = PBXGroup;
			children = (
				472EC74D1D4C39BD0081DDC5 /* TerrofyingController.h */,
				472EC74E1D4C39BD0081DDC5 /* TerrofyingController.m */,
			);
			path = Controller;
			sourceTree = "<group>";
		};
		472EC7421D4C39290081DDC5 /* Model */ = {
			isa = PBXGroup;
			children = (
			);
			path = Model;
			sourceTree = "<group>";
		};
		472EC7431D4C39290081DDC5 /* View */ = {
			isa = PBXGroup;
			children = (
			);
			path = View;
			sourceTree = "<group>";
		};
		47EA2BFC1D4C480B007EC6E7 /* Tools */ = {
			isa = PBXGroup;
			children = (
				47EA2BFD1D4C4850007EC6E7 /* DownLoad.h */,
				47EA2BFE1D4C4850007EC6E7 /* DownLoad.m */,
				47EA2C001D4C48FB007EC6E7 /* PrefixHeader.pch */,
			);
			path = Tools;
			sourceTree = "<group>";
		};
/* End PBXGroup section */

/* Begin PBXNativeTarget section */
		472EC6CC1D4C33890081DDC5 /* CartoonOnlie */ = {
			isa = PBXNativeTarget;
			buildConfigurationList = 472EC6FA1D4C33890081DDC5 /* Build configuration list for PBXNativeTarget "CartoonOnlie" */;
			buildPhases = (
				472EC6C91D4C33890081DDC5 /* Sources */,
				472EC6CA1D4C33890081DDC5 /* Frameworks */,
				472EC6CB1D4C33890081DDC5 /* Resources */,
			);
			buildRules = (
			);
			dependencies = (
			);
			name = CartoonOnlie;
			productName = CartoonOnlie;
			productReference = 472EC6CD1D4C33890081DDC5 /* CartoonOnlie.app */;
			productType = "com.apple.product-type.application";
		};
		472EC6E51D4C33890081DDC5 /* CartoonOnlieTests */ = {
			isa = PBXNativeTarget;
			buildConfigurationList = 472EC6FD1D4C33890081DDC5 /* Build configuration list for PBXNativeTarget "CartoonOnlieTests" */;
			buildPhases = (
				472EC6E21D4C33890081DDC5 /* Sources */,
				472EC6E31D4C33890081DDC5 /* Frameworks */,
				472EC6E41D4C33890081DDC5 /* Resources */,
			);
			buildRules = (
			);
			dependencies = (
				472EC6E81D4C33890081DDC5 /* PBXTargetDependency */,
			);
			name = CartoonOnlieTests;
			productName = CartoonOnlieTests;
			productReference = 472EC6E61D4C33890081DDC5 /* CartoonOnlieTests.xctest */;
			productType = "com.apple.product-type.bundle.unit-test";
		};
		472EC6F01D4C33890081DDC5 /* CartoonOnlieUITests */ = {
			isa = PBXNativeTarget;
			buildConfigurationList = 472EC7001D4C33890081DDC5 /* Build configuration list for PBXNativeTarget "CartoonOnlieUITests" */;
			buildPhases = (
				472EC6ED1D4C33890081DDC5 /* Sources */,
				472EC6EE1D4C33890081DDC5 /* Frameworks */,
				472EC6EF1D4C33890081DDC5 /* Resources */,
			);
			buildRules = (
			);
			dependencies = (
				472EC6F31D4C33890081DDC5 /* PBXTargetDependency */,
			);
			name = CartoonOnlieUITests;
			productName = CartoonOnlieUITests;
			productReference = 472EC6F11D4C33890081DDC5 /* CartoonOnlieUITests.xctest */;
			productType = "com.apple.product-type.bundle.ui-testing";
		};
/* End PBXNativeTarget section */

/* Begin PBXProject section */
		472EC6C51D4C33890081DDC5 /* Project object */ = {
			isa = PBXProject;
			attributes = {
				LastUpgradeCheck = 0700;
				ORGANIZATIONNAME = huangzhiling;
				TargetAttributes = {
					472EC6CC1D4C33890081DDC5 = {
						CreatedOnToolsVersion = 7.0.1;
						DevelopmentTeam = 8R5389SW7Y;
					};
					472EC6E51D4C33890081DDC5 = {
						CreatedOnToolsVersion = 7.0.1;
						DevelopmentTeam = 8R5389SW7Y;
						TestTargetID = 472EC6CC1D4C33890081DDC5;
					};
					472EC6F01D4C33890081DDC5 = {
						CreatedOnToolsVersion = 7.0.1;
						DevelopmentTeam = 8R5389SW7Y;
						TestTargetID = 472EC6CC1D4C33890081DDC5;
					};
				};
			};
			buildConfigurationList = 472EC6C81D4C33890081DDC5 /* Build configuration list for PBXProject "CartoonOnlie" */;
			compatibilityVersion = "Xcode 3.2";
			developmentRegion = English;
			hasScannedForEncodings = 0;
			knownRegions = (
				en,
				Base,
			);
			mainGroup = 472EC6C41D4C33890081DDC5;
			productRefGroup = 472EC6CE1D4C33890081DDC5 /* Products */;
			projectDirPath = "";
			projectRoot = "";
			targets = (
				472EC6CC1D4C33890081DDC5 /* CartoonOnlie */,
				472EC6E51D4C33890081DDC5 /* CartoonOnlieTests */,
				472EC6F01D4C33890081DDC5 /* CartoonOnlieUITests */,
			);
		};
/* End PBXProject section */

/* Begin PBXResourcesBuildPhase section */
		472EC6CB1D4C33890081DDC5 /* Resources */ = {
			isa = PBXResourcesBuildPhase;
			buildActionMask = 2147483647;
			files = (
				472EC6E01D4C33890081DDC5 /* LaunchScreen.storyboard in Resources */,
				472EC6DD1D4C33890081DDC5 /* Assets.xcassets in Resources */,
			);
			runOnlyForDeploymentPostprocessing = 0;
		};
		472EC6E41D4C33890081DDC5 /* Resources */ = {
			isa = PBXResourcesBuildPhase;
			buildActionMask = 2147483647;
			files = (
			);
			runOnlyForDeploymentPostprocessing = 0;
		};
		472EC6EF1D4C33890081DDC5 /* Resources */ = {
			isa = PBXResourcesBuildPhase;
			buildActionMask = 2147483647;
			files = (
			);
			runOnlyForDeploymentPostprocessing = 0;
		};
/* End PBXResourcesBuildPhase section */

/* Begin PBXSourcesBuildPhase section */
		472EC6C91D4C33890081DDC5 /* Sources */ = {
			isa = PBXSourcesBuildPhase;
			buildActionMask = 2147483647;
			files = (
				472EC70C1D4C35560081DDC5 /* HMDrawerViewController.m in Sources */,
				472EC70D1D4C35560081DDC5 /* HMLeftMenuTableViewController.m in Sources */,
				472EC7491D4C39980081DDC5 /* QuadraticController.m in Sources */,
				472EC7461D4C39870081DDC5 /* FunnyController.m in Sources */,
				472EC70B1D4C35560081DDC5 /* HMMessageViewController.m in Sources */,
				472EC6D51D4C33890081DDC5 /* AppDelegate.m in Sources */,
				472EC6D21D4C33890081DDC5 /* main.m in Sources */,
				47EA2BFF1D4C4850007EC6E7 /* DownLoad.m in Sources */,
				472EC74F1D4C39BD0081DDC5 /* TerrofyingController.m in Sources */,
				472EC74C1D4C39A80081DDC5 /* RadioController.m in Sources */,
			);
			runOnlyForDeploymentPostprocessing = 0;
		};
		472EC6E21D4C33890081DDC5 /* Sources */ = {
			isa = PBXSourcesBuildPhase;
			buildActionMask = 2147483647;
			files = (
				472EC6EB1D4C33890081DDC5 /* CartoonOnlieTests.m in Sources */,
			);
			runOnlyForDeploymentPostprocessing = 0;
		};
		472EC6ED1D4C33890081DDC5 /* Sources */ = {
			isa = PBXSourcesBuildPhase;
			buildActionMask = 2147483647;
			files = (
				472EC6F61D4C33890081DDC5 /* CartoonOnlieUITests.m in Sources */,
			);
			runOnlyForDeploymentPostprocessing = 0;
		};
/* End PBXSourcesBuildPhase section */

/* Begin PBXTargetDependency section */
		472EC6E81D4C33890081DDC5 /* PBXTargetDependency */ = {
			isa = PBXTargetDependency;
			target = 472EC6CC1D4C33890081DDC5 /* CartoonOnlie */;
			targetProxy = 472EC6E71D4C33890081DDC5 /* PBXContainerItemProxy */;
		};
		472EC6F31D4C33890081DDC5 /* PBXTargetDependency */ = {
			isa = PBXTargetDependency;
			target = 472EC6CC1D4C33890081DDC5 /* CartoonOnlie */;
			targetProxy = 472EC6F21D4C33890081DDC5 /* PBXContainerItemProxy */;
		};
/* End PBXTargetDependency section */

/* Begin PBXVariantGroup section */
		472EC6DE1D4C33890081DDC5 /* LaunchScreen.storyboard */ = {
			isa = PBXVariantGroup;
			children = (
				472EC6DF1D4C33890081DDC5 /* Base */,
			);
			name = LaunchScreen.storyboard;
			sourceTree = "<group>";
		};
/* End PBXVariantGroup section */

/* Begin XCBuildConfiguration section */
		472EC6F81D4C33890081DDC5 /* Debug */ = {
			isa = XCBuildConfiguration;
			buildSettings = {
				ALWAYS_SEARCH_USER_PATHS = NO;
				CLANG_CXX_LANGUAGE_STANDARD = "gnu++0x";
				CLANG_CXX_LIBRARY = "libc++";
				CLANG_ENABLE_MODULES = YES;
				CLANG_ENABLE_OBJC_ARC = YES;
				CLANG_WARN_BOOL_CONVERSION = YES;
				CLANG_WARN_CONSTANT_CONVERSION = YES;
				CLANG_WARN_DIRECT_OBJC_ISA_USAGE = YES_ERROR;
				CLANG_WARN_EMPTY_BODY = YES;
				CLANG_WARN_ENUM_CONVERSION = YES;
				CLANG_WARN_INT_CONVERSION = YES;
				CLANG_WARN_OBJC_ROOT_CLASS = YES_ERROR;
				CLANG_WARN_UNREACHABLE_CODE = YES;
				CLANG_WARN__DUPLICATE_METHOD_MATCH = YES;
				"CODE_SIGN_IDENTITY[sdk=iphoneos*]" = "iPhone Developer";
				COPY_PHASE_STRIP = NO;
				DEBUG_INFORMATION_FORMAT = dwarf;
				ENABLE_STRICT_OBJC_MSGSEND = YES;
				ENABLE_TESTABILITY = YES;
				GCC_C_LANGUAGE_STANDARD = gnu99;
				GCC_DYNAMIC_NO_PIC = NO;
				GCC_NO_COMMON_BLOCKS = YES;
				GCC_OPTIMIZATION_LEVEL = 0;
				GCC_PREPROCESSOR_DEFINITIONS = (
					"DEBUG=1",
					"$(inherited)",
				);
				GCC_WARN_64_TO_32_BIT_CONVERSION = YES;
				GCC_WARN_ABOUT_RETURN_TYPE = YES_ERROR;
				GCC_WARN_UNDECLARED_SELECTOR = YES;
				GCC_WARN_UNINITIALIZED_AUTOS = YES_AGGRESSIVE;
				GCC_WARN_UNUSED_FUNCTION = YES;
				GCC_WARN_UNUSED_VARIABLE = YES;
				IPHONEOS_DEPLOYMENT_TARGET = 9.0;
				MTL_ENABLE_DEBUG_INFO = YES;
				ONLY_ACTIVE_ARCH = YES;
				SDKROOT = iphoneos;
				TARGETED_DEVICE_FAMILY = "1,2";
			};
			name = Debug;
		};
		472EC6F91D4C33890081DDC5 /* Release */ = {
			isa = XCBuildConfiguration;
			buildSettings = {
				ALWAYS_SEARCH_USER_PATHS = NO;
				CLANG_CXX_LANGUAGE_STANDARD = "gnu++0x";
				CLANG_CXX_LIBRARY = "libc++";
				CLANG_ENABLE_MODULES = YES;
				CLANG_ENABLE_OBJC_ARC = YES;
				CLANG_WARN_BOOL_CONVERSION = YES;
				CLANG_WARN_CONSTANT_CONVERSION = YES;
				CLANG_WARN_DIRECT_OBJC_ISA_USAGE = YES_ERROR;
				CLANG_WARN_EMPTY_BODY = YES;
				CLANG_WARN_ENUM_CONVERSION = YES;
				CLANG_WARN_INT_CONVERSION = YES;
				CLANG_WARN_OBJC_ROOT_CLASS = YES_ERROR;
				CLANG_WARN_UNREACHABLE_CODE = YES;
				CLANG_WARN__DUPLICATE_METHOD_MATCH = YES;
				"CODE_SIGN_IDENTITY[sdk=iphoneos*]" = "iPhone Developer";
				COPY_PHASE_STRIP = NO;
				DEBUG_INFORMATION_FORMAT = "dwarf-with-dsym";
				ENABLE_NS_ASSERTIONS = NO;
				ENABLE_STRICT_OBJC_MSGSEND = YES;
				GCC_C_LANGUAGE_STANDARD = gnu99;
				GCC_NO_COMMON_BLOCKS = YES;
				GCC_WARN_64_TO_32_BIT_CONVERSION = YES;
				GCC_WARN_ABOUT_RETURN_TYPE = YES_ERROR;
				GCC_WARN_UNDECLARED_SELECTOR = YES;
				GCC_WARN_UNINITIALIZED_AUTOS = YES_AGGRESSIVE;
				GCC_WARN_UNUSED_FUNCTION = YES;
				GCC_WARN_UNUSED_VARIABLE = YES;
				IPHONEOS_DEPLOYMENT_TARGET = 9.0;
				MTL_ENABLE_DEBUG_INFO = NO;
				SDKROOT = iphoneos;
				TARGETED_DEVICE_FAMILY = "1,2";
				VALIDATE_PRODUCT = YES;
			};
			name = Release;
		};
		472EC6FB1D4C33890081DDC5 /* Debug */ = {
			isa = XCBuildConfiguration;
			buildSettings = {
				ASSETCATALOG_COMPILER_APPICON_NAME = AppIcon;
				GCC_PREFIX_HEADER = /Users/lan/Desktop/CartoonOnlie/CartoonOnlie/CartoonOnlie/CartoonOnlie/Code/Tools/PrefixHeader.pch;
				INFOPLIST_FILE = CartoonOnlie/Info.plist;
				LD_RUNPATH_SEARCH_PATHS = "$(inherited) @executable_path/Frameworks";
				PRODUCT_BUNDLE_IDENTIFIER = com.lanou3g.CartoonOnlie;
				PRODUCT_NAME = "$(TARGET_NAME)";
			};
			name = Debug;
		};
		472EC6FC1D4C33890081DDC5 /* Release */ = {
			isa = XCBuildConfiguration;
			buildSettings = {
				ASSETCATALOG_COMPILER_APPICON_NAME = AppIcon;
				GCC_PREFIX_HEADER = /Users/lan/Desktop/CartoonOnlie/CartoonOnlie/CartoonOnlie/CartoonOnlie/Code/Tools/PrefixHeader.pch;
				INFOPLIST_FILE = CartoonOnlie/Info.plist;
				LD_RUNPATH_SEARCH_PATHS = "$(inherited) @executable_path/Frameworks";
				PRODUCT_BUNDLE_IDENTIFIER = com.lanou3g.CartoonOnlie;
				PRODUCT_NAME = "$(TARGET_NAME)";
			};
			name = Release;
		};
		472EC6FE1D4C33890081DDC5 /* Debug */ = {
			isa = XCBuildConfiguration;
			buildSettings = {
				BUNDLE_LOADER = "$(TEST_HOST)";
				INFOPLIST_FILE = CartoonOnlieTests/Info.plist;
				LD_RUNPATH_SEARCH_PATHS = "$(inherited) @executable_path/Frameworks @loader_path/Frameworks";
				PRODUCT_BUNDLE_IDENTIFIER = com.lanou3g.CartoonOnlieTests;
				PRODUCT_NAME = "$(TARGET_NAME)";
				TEST_HOST = "$(BUILT_PRODUCTS_DIR)/CartoonOnlie.app/CartoonOnlie";
			};
			name = Debug;
		};
		472EC6FF1D4C33890081DDC5 /* Release */ = {
			isa = XCBuildConfiguration;
			buildSettings = {
				BUNDLE_LOADER = "$(TEST_HOST)";
				INFOPLIST_FILE = CartoonOnlieTests/Info.plist;
				LD_RUNPATH_SEARCH_PATHS = "$(inherited) @executable_path/Frameworks @loader_path/Frameworks";
				PRODUCT_BUNDLE_IDENTIFIER = com.lanou3g.CartoonOnlieTests;
				PRODUCT_NAME = "$(TARGET_NAME)";
				TEST_HOST = "$(BUILT_PRODUCTS_DIR)/CartoonOnlie.app/CartoonOnlie";
			};
			name = Release;
		};
		472EC7011D4C33890081DDC5 /* Debug */ = {
			isa = XCBuildConfiguration;
			buildSettings = {
				INFOPLIST_FILE = CartoonOnlieUITests/Info.plist;
				LD_RUNPATH_SEARCH_PATHS = "$(inherited) @executable_path/Frameworks @loader_path/Frameworks";
				PRODUCT_BUNDLE_IDENTIFIER = com.lanou3g.CartoonOnlieUITests;
				PRODUCT_NAME = "$(TARGET_NAME)";
				TEST_TARGET_NAME = CartoonOnlie;
				USES_XCTRUNNER = YES;
			};
			name = Debug;
		};
		472EC7021D4C33890081DDC5 /* Release */ = {
			isa = XCBuildConfiguration;
			buildSettings = {
				INFOPLIST_FILE = CartoonOnlieUITests/Info.plist;
				LD_RUNPATH_SEARCH_PATHS = "$(inherited) @executable_path/Frameworks @loader_path/Frameworks";
				PRODUCT_BUNDLE_IDENTIFIER = com.lanou3g.CartoonOnlieUITests;
				PRODUCT_NAME = "$(TARGET_NAME)";
				TEST_TARGET_NAME = CartoonOnlie;
				USES_XCTRUNNER = YES;
			};
			name = Release;
		};
/* End XCBuildConfiguration section */

/* Begin XCConfigurationList section */
		472EC6C81D4C33890081DDC5 /* Build configuration list for PBXProject "CartoonOnlie" */ = {
			isa = XCConfigurationList;
			buildConfigurations = (
				472EC6F81D4C33890081DDC5 /* Debug */,
				472EC6F91D4C33890081DDC5 /* Release */,
			);
			defaultConfigurationIsVisible = 0;
			defaultConfigurationName = Release;
		};
		472EC6FA1D4C33890081DDC5 /* Build configuration list for PBXNativeTarget "CartoonOnlie" */ = {
			isa = XCConfigurationList;
			buildConfigurations = (
				472EC6FB1D4C33890081DDC5 /* Debug */,
				472EC6FC1D4C33890081DDC5 /* Release */,
			);
			defaultConfigurationIsVisible = 0;
			defaultConfigurationName = Release;
		};
		472EC6FD1D4C33890081DDC5 /* Build configuration list for PBXNativeTarget "CartoonOnlieTests" */ = {
			isa = XCConfigurationList;
			buildConfigurations = (
				472EC6FE1D4C33890081DDC5 /* Debug */,
				472EC6FF1D4C33890081DDC5 /* Release */,
			);
			defaultConfigurationIsVisible = 0;
			defaultConfigurationName = Release;
		};
		472EC7001D4C33890081DDC5 /* Build configuration list for PBXNativeTarget "CartoonOnlieUITests" */ = {
			isa = XCConfigurationList;
			buildConfigurations = (
				472EC7011D4C33890081DDC5 /* Debug */,
				472EC7021D4C33890081DDC5 /* Release */,
			);
			defaultConfigurationIsVisible = 0;
			defaultConfigurationName = Release;
		};
/* End XCConfigurationList section */
	};
	rootObject = 472EC6C51D4C33890081DDC5 /* Project object */;
}
